
Microsoft Visual Studio Solution File, Format Version 12.00
# Visual Studio 15
VisualStudioVersion = 15.0.27703.2000
MinimumVisualStudioVersion = 10.0.40219.1
Project("{8BC9CEB8-8B4A-11D0-8D11-00A0C91BC942}") = "utaha", "utaha.vcxproj", "{021313E5-E891-41D6-AF78-C4B1829561A7}"
EndProject
Project("{8BC9CEB8-8B4A-11D0-8D11-00A0C91BC942}") = "utaha-tests", "utaha-tests.vcxproj", "{ADB6FD65-F329-43AA-8BD5-DE966793FD01}"
EndProject
Global
	GlobalSection(SolutionConfigurationPlatforms) = preSolution
		Debug|x64 = Debug|x64
		Debug|x86 = Debug|x86
		Release|x64 = Release|x64
		Release|x86 = Release|x86
	EndGlobalSection
	GlobalSection(ProjectConfigurationPlatforms) = postSolution
		{021313E5-E891-41D6-AF78-C4B1829561A7}.Debug|x64.ActiveCfg = Debug|x64
		{021313E5-E891-41D6-AF78-C4B1829561A7}.Debug|x64.Build.0 = Debug|x64
		{021313E5-E891-41D6-AF78-C4B1829561A7}.Debug|x86.ActiveCfg = Debug|Win32
		{021313E5-E891-41D6-AF78-C4B1829561A7}.Debug|x86.Build.0 = Debug|Win32
		{021313E5-E891-41D6-AF78-C4B1829561A7}.Release|x64.ActiveCfg = Release|x64
		{021313E5-E891-41D6-AF78-C4B1829561A7}.Release|x64.Build.0 = Release|x64
		{021313E5-E891-41D6-AF78-C4B1829561A7}.Release|x86.ActiveCfg = Release|Win32
		{021313E5-E891-41D6-AF78-C4B1829561A7}.Release|x86.Build.0 = Release|Win32
		{ADB6FD65-F329-43AA-8BD5-DE966793FD01}.Debug|x64.ActiveCfg = Debug|x64
		{ADB6FD65-F329-43AA-8BD5-DE966793FD01}.Debug|x64.Build.0 = Debug|x64
		{ADB6FD65-F329-43AA-8BD5-DE966793FD01}.Debug|x86.ActiveCfg = Debug|Win32
		{ADB6FD65-F329-43AA-8BD5-DE966793FD01}.Debug|x86.Build.0 = Debug|Win32
		{ADB6FD65-F329-43AA-8BD5-DE966793FD01}.Release|x64.ActiveCfg = Release|x64
		{ADB6FD65-F329-43AA-8BD5-DE966793FD01}.Release|x64.Build.0 = Release|x64
		{ADB6FD65-F329-43AA-8BD5-DE966793FD01}.Release|x86.ActiveCfg = Release|Win32
		{ADB6FD65-F329-43AA-8BD5-DE966793FD01}.Release|x86.Build.0 = Release|Win32
	EndGlobalSection
	GlobalSection(SolutionProperties) = preSolution
		HideSolutionNode = FALSE
	EndGlobalSection
	GlobalSection(ExtensibilityGlobals) = postSolution
		SolutionGuid = {F0F7308D-2D2E-417B-9833-5F8E486CDE99}
	EndGlobalSection
EndGlobal
