// !$*UTF8*$!
{
	archiveVersion = 1;
	classes = {
	};
	objectVersion = 46;
	objects = {

/* Begin PBXBuildFile section */
		239F4809208ED2EB00FD09AD /* interactive-entity.cc in Sources */ = {isa = PBXBuildFile; fileRef = 239F4808208ED2EB00FD09AD /* interactive-entity.cc */; };
		239F480D208ED5CF00FD09AD /* ui-component.cc in Sources */ = {isa = PBXBuildFile; fileRef = 239F480C208ED5CF00FD09AD /* ui-component.cc */; };
		239F4810208EE17E00FD09AD /* ui-flat-button.cc in Sources */ = {isa = PBXBuildFile; fileRef = 239F480F208EE17E00FD09AD /* ui-flat-button.cc */; };
		239F4813208F233B00FD09AD /* ui-flat-input-box.cc in Sources */ = {isa = PBXBuildFile; fileRef = 239F4812208F233B00FD09AD /* ui-flat-input-box.cc */; };
		23B83F621D7585B400DBC418 /* lodepng_util.cpp in Sources */ = {isa = PBXBuildFile; fileRef = 23B83F5F1D7585B400DBC418 /* lodepng_util.cpp */; };
		23B83F631D7585B400DBC418 /* lodepng.cpp in Sources */ = {isa = PBXBuildFile; fileRef = 23B83F601D7585B400DBC418 /* lodepng.cpp */; };
		23B83F6F1D791A6700DBC418 /* character_ascii.cc in Sources */ = {isa = PBXBuildFile; fileRef = 23B83F6E1D791A6700DBC418 /* character_ascii.cc */; };
		23B83F711D79213700DBC418 /* character.cc in Sources */ = {isa = PBXBuildFile; fileRef = 23B83F701D79213700DBC418 /* character.cc */; };
		23C6785C208DB72E00A8EA4F /* render-entity.cc in Sources */ = {isa = PBXBuildFile; fileRef = 23C6785B208DB72E00A8EA4F /* render-entity.cc */; };
		23C67860208DBB3600A8EA4F /* root-render-entity.cc in Sources */ = {isa = PBXBuildFile; fileRef = 23C6785F208DBB3600A8EA4F /* root-render-entity.cc */; };
		23C67863208DC4FD00A8EA4F /* sample-render-entity.cc in Sources */ = {isa = PBXBuildFile; fileRef = 23C67862208DC4FD00A8EA4F /* sample-render-entity.cc */; };
		23C9A4021D70241E00DAA480 /* libfreetype.a in Frameworks */ = {isa = PBXBuildFile; fileRef = 23C9A3FC1D70241E00DAA480 /* libfreetype.a */; };
		23C9A4031D70241E00DAA480 /* libgflags.a in Frameworks */ = {isa = PBXBuildFile; fileRef = 23C9A3FD1D70241E00DAA480 /* libgflags.a */; };
		23C9A4041D70241E00DAA480 /* libGLEW.a in Frameworks */ = {isa = PBXBuildFile; fileRef = 23C9A3FE1D70241E00DAA480 /* libGLEW.a */; };
		23C9A4051D70241E00DAA480 /* libglfw3.a in Frameworks */ = {isa = PBXBuildFile; fileRef = 23C9A3FF1D70241E00DAA480 /* libglfw3.a */; };
		23C9A4061D70241E00DAA480 /* libglog.a in Frameworks */ = {isa = PBXBuildFile; fileRef = 23C9A4001D70241E00DAA480 /* libglog.a */; };
		23C9A4071D70241E00DAA480 /* libluajit.a in Frameworks */ = {isa = PBXBuildFile; fileRef = 23C9A4011D70241E00DAA480 /* libluajit.a */; };
		23C9A4091D70243B00DAA480 /* OpenGL.framework in Frameworks */ = {isa = PBXBuildFile; fileRef = 23C9A4081D70243B00DAA480 /* OpenGL.framework */; };
		23C9A40B1D70244400DAA480 /* Cocoa.framework in Frameworks */ = {isa = PBXBuildFile; fileRef = 23C9A40A1D70244400DAA480 /* Cocoa.framework */; };
		23C9A4131D70249000DAA480 /* CoreVideo.framework in Frameworks */ = {isa = PBXBuildFile; fileRef = 23C9A4121D70249000DAA480 /* CoreVideo.framework */; };
		23C9A4151D70249700DAA480 /* GLKit.framework in Frameworks */ = {isa = PBXBuildFile; fileRef = 23C9A4141D70249700DAA480 /* GLKit.framework */; };
		23C9A4171D70249E00DAA480 /* GLUT.framework in Frameworks */ = {isa = PBXBuildFile; fileRef = 23C9A4161D70249E00DAA480 /* GLUT.framework */; };
		23C9A4191D702F9D00DAA480 /* IOKit.framework in Frameworks */ = {isa = PBXBuildFile; fileRef = 23C9A4181D702F9D00DAA480 /* IOKit.framework */; };
		23C9E6731D9CFA820078DFFF /* texture2d_collection.cc in Sources */ = {isa = PBXBuildFile; fileRef = 23C9E6721D9CFA820078DFFF /* texture2d_collection.cc */; };
		23C9E67C1D9CFB9B0078DFFF /* lua_utils.cc in Sources */ = {isa = PBXBuildFile; fileRef = 23C9E67A1D9CFB9B0078DFFF /* lua_utils.cc */; };
		23D14F8E1DC83B8E001E4EFC /* ui_layout.cc in Sources */ = {isa = PBXBuildFile; fileRef = 23D14F8D1DC83B8E001E4EFC /* ui_layout.cc */; };
		23D14F901DC83C51001E4EFC /* ui_command_list.cc in Sources */ = {isa = PBXBuildFile; fileRef = 23D14F8F1DC83C51001E4EFC /* ui_command_list.cc */; };
		23D14F921DC83F2C001E4EFC /* script_bootstrap.cc in Sources */ = {isa = PBXBuildFile; fileRef = 23D14F911DC83F2C001E4EFC /* script_bootstrap.cc */; };
		23E1D75E208889CB00F9EF96 /* editor-main.cc in Sources */ = {isa = PBXBuildFile; fileRef = 23E1D75D208889CB00F9EF96 /* editor-main.cc */; };
		23FD3C8020888C7800975CBB /* SDL2.framework in Frameworks */ = {isa = PBXBuildFile; fileRef = 23FD3C7F20888C7800975CBB /* SDL2.framework */; };
		23FD3C8220888C7B00975CBB /* SDL2_image.framework in Frameworks */ = {isa = PBXBuildFile; fileRef = 23FD3C8120888C7B00975CBB /* SDL2_image.framework */; };
		23FD3C8420888D3600975CBB /* SDL2_ttf.framework in Frameworks */ = {isa = PBXBuildFile; fileRef = 23FD3C8320888D3600975CBB /* SDL2_ttf.framework */; };
		23FD3C8620888D3900975CBB /* SDL2_mixer.framework in Frameworks */ = {isa = PBXBuildFile; fileRef = 23FD3C8520888D3900975CBB /* SDL2_mixer.framework */; };
/* End PBXBuildFile section */

/* Begin PBXCopyFilesBuildPhase section */
		23C9A3ED1D7022EE00DAA480 /* CopyFiles */ = {
			isa = PBXCopyFilesBuildPhase;
			buildActionMask = 2147483647;
			dstPath = /usr/share/man/man1/;
			dstSubfolderSpec = 0;
			files = (
			);
			runOnlyForDeploymentPostprocessing = 1;
		};
/* End PBXCopyFilesBuildPhase section */

/* Begin PBXFileReference section */
		239F4807208EC88D00FD09AD /* interactive-entity.h */ = {isa = PBXFileReference; lastKnownFileType = sourcecode.c.h; path = "interactive-entity.h"; sourceTree = "<group>"; };
		239F4808208ED2EB00FD09AD /* interactive-entity.cc */ = {isa = PBXFileReference; lastKnownFileType = sourcecode.cpp.cpp; path = "interactive-entity.cc"; sourceTree = "<group>"; };
		239F480A208ED43D00FD09AD /* interactive-listenner.h */ = {isa = PBXFileReference; lastKnownFileType = sourcecode.c.h; path = "interactive-listenner.h"; sourceTree = "<group>"; };
		239F480B208ED57F00FD09AD /* ui-component.h */ = {isa = PBXFileReference; lastKnownFileType = sourcecode.c.h; path = "ui-component.h"; sourceTree = "<group>"; };
		239F480C208ED5CF00FD09AD /* ui-component.cc */ = {isa = PBXFileReference; lastKnownFileType = sourcecode.cpp.cpp; path = "ui-component.cc"; sourceTree = "<group>"; };
		239F480E208EE14000FD09AD /* ui-flat-button.h */ = {isa = PBXFileReference; lastKnownFileType = sourcecode.c.h; path = "ui-flat-button.h"; sourceTree = "<group>"; };
		239F480F208EE17E00FD09AD /* ui-flat-button.cc */ = {isa = PBXFileReference; lastKnownFileType = sourcecode.cpp.cpp; path = "ui-flat-button.cc"; sourceTree = "<group>"; };
		239F4811208F226A00FD09AD /* ui-flat-input-box.h */ = {isa = PBXFileReference; lastKnownFileType = sourcecode.c.h; path = "ui-flat-input-box.h"; sourceTree = "<group>"; };
		239F4812208F233B00FD09AD /* ui-flat-input-box.cc */ = {isa = PBXFileReference; lastKnownFileType = sourcecode.cpp.cpp; path = "ui-flat-input-box.cc"; sourceTree = "<group>"; };
		23B83F5D1D7585B400DBC418 /* lodepng_util.h */ = {isa = PBXFileReference; fileEncoding = 4; lastKnownFileType = sourcecode.c.h; name = lodepng_util.h; path = ../src/lodepng/lodepng_util.h; sourceTree = "<group>"; };
		23B83F5E1D7585B400DBC418 /* lodepng.h */ = {isa = PBXFileReference; fileEncoding = 4; lastKnownFileType = sourcecode.c.h; name = lodepng.h; path = ../src/lodepng/lodepng.h; sourceTree = "<group>"; };
		23B83F5F1D7585B400DBC418 /* lodepng_util.cpp */ = {isa = PBXFileReference; fileEncoding = 4; lastKnownFileType = sourcecode.cpp.cpp; name = lodepng_util.cpp; path = ../src/lodepng/lodepng_util.cpp; sourceTree = "<group>"; };
		23B83F601D7585B400DBC418 /* lodepng.cpp */ = {isa = PBXFileReference; fileEncoding = 4; lastKnownFileType = sourcecode.cpp.cpp; name = lodepng.cpp; path = ../src/lodepng/lodepng.cpp; sourceTree = "<group>"; };
		23B83F6B1D78524800DBC418 /* datatype.h */ = {isa = PBXFileReference; fileEncoding = 4; lastKnownFileType = sourcecode.c.h; path = datatype.h; sourceTree = "<group>"; };
		23B83F6C1D7916F400DBC418 /* character.h */ = {isa = PBXFileReference; fileEncoding = 4; lastKnownFileType = sourcecode.c.h; path = character.h; sourceTree = "<group>"; };
		23B83F6D1D79177200DBC418 /* base.h */ = {isa = PBXFileReference; fileEncoding = 4; lastKnownFileType = sourcecode.c.h; path = base.h; sourceTree = "<group>"; };
		23B83F6E1D791A6700DBC418 /* character_ascii.cc */ = {isa = PBXFileReference; fileEncoding = 4; lastKnownFileType = sourcecode.cpp.cpp; path = character_ascii.cc; sourceTree = "<group>"; };
		23B83F701D79213700DBC418 /* character.cc */ = {isa = PBXFileReference; fileEncoding = 4; lastKnownFileType = sourcecode.cpp.cpp; path = character.cc; sourceTree = "<group>"; };
		23C6785A208DB6BA00A8EA4F /* render-entity.h */ = {isa = PBXFileReference; lastKnownFileType = sourcecode.c.h; path = "render-entity.h"; sourceTree = "<group>"; };
		23C6785B208DB72E00A8EA4F /* render-entity.cc */ = {isa = PBXFileReference; lastKnownFileType = sourcecode.cpp.cpp; path = "render-entity.cc"; sourceTree = "<group>"; };
		23C6785E208DBAE400A8EA4F /* root-render-entity.h */ = {isa = PBXFileReference; lastKnownFileType = sourcecode.c.h; path = "root-render-entity.h"; sourceTree = "<group>"; };
		23C6785F208DBB3600A8EA4F /* root-render-entity.cc */ = {isa = PBXFileReference; lastKnownFileType = sourcecode.cpp.cpp; path = "root-render-entity.cc"; sourceTree = "<group>"; };
		23C67861208DC49000A8EA4F /* sample-render-entity.h */ = {isa = PBXFileReference; lastKnownFileType = sourcecode.c.h; path = "sample-render-entity.h"; sourceTree = "<group>"; };
		23C67862208DC4FD00A8EA4F /* sample-render-entity.cc */ = {isa = PBXFileReference; lastKnownFileType = sourcecode.cpp.cpp; path = "sample-render-entity.cc"; sourceTree = "<group>"; };
		23C9A3EF1D7022EE00DAA480 /* utaha */ = {isa = PBXFileReference; explicitFileType = "compiled.mach-o.executable"; includeInIndex = 0; path = utaha; sourceTree = BUILT_PRODUCTS_DIR; };
		23C9A3FC1D70241E00DAA480 /* libfreetype.a */ = {isa = PBXFileReference; lastKnownFileType = archive.ar; name = libfreetype.a; path = "../third-party/libs/libfreetype.a"; sourceTree = "<group>"; };
		23C9A3FD1D70241E00DAA480 /* libgflags.a */ = {isa = PBXFileReference; lastKnownFileType = archive.ar; name = libgflags.a; path = "../third-party/libs/libgflags.a"; sourceTree = "<group>"; };
		23C9A3FE1D70241E00DAA480 /* libGLEW.a */ = {isa = PBXFileReference; lastKnownFileType = archive.ar; name = libGLEW.a; path = "../third-party/libs/libGLEW.a"; sourceTree = "<group>"; };
		23C9A3FF1D70241E00DAA480 /* libglfw3.a */ = {isa = PBXFileReference; lastKnownFileType = archive.ar; name = libglfw3.a; path = "../third-party/libs/libglfw3.a"; sourceTree = "<group>"; };
		23C9A4001D70241E00DAA480 /* libglog.a */ = {isa = PBXFileReference; lastKnownFileType = archive.ar; name = libglog.a; path = "../third-party/libs/libglog.a"; sourceTree = "<group>"; };
		23C9A4011D70241E00DAA480 /* libluajit.a */ = {isa = PBXFileReference; lastKnownFileType = archive.ar; name = libluajit.a; path = "../third-party/libs/libluajit.a"; sourceTree = "<group>"; };
		23C9A4081D70243B00DAA480 /* OpenGL.framework */ = {isa = PBXFileReference; lastKnownFileType = wrapper.framework; name = OpenGL.framework; path = System/Library/Frameworks/OpenGL.framework; sourceTree = SDKROOT; };
		23C9A40A1D70244400DAA480 /* Cocoa.framework */ = {isa = PBXFileReference; lastKnownFileType = wrapper.framework; name = Cocoa.framework; path = System/Library/Frameworks/Cocoa.framework; sourceTree = SDKROOT; };
		23C9A4121D70249000DAA480 /* CoreVideo.framework */ = {isa = PBXFileReference; lastKnownFileType = wrapper.framework; name = CoreVideo.framework; path = System/Library/Frameworks/CoreVideo.framework; sourceTree = SDKROOT; };
		23C9A4141D70249700DAA480 /* GLKit.framework */ = {isa = PBXFileReference; lastKnownFileType = wrapper.framework; name = GLKit.framework; path = System/Library/Frameworks/GLKit.framework; sourceTree = SDKROOT; };
		23C9A4161D70249E00DAA480 /* GLUT.framework */ = {isa = PBXFileReference; lastKnownFileType = wrapper.framework; name = GLUT.framework; path = System/Library/Frameworks/GLUT.framework; sourceTree = SDKROOT; };
		23C9A4181D702F9D00DAA480 /* IOKit.framework */ = {isa = PBXFileReference; lastKnownFileType = wrapper.framework; name = IOKit.framework; path = System/Library/Frameworks/IOKit.framework; sourceTree = SDKROOT; };
		23C9E6711D9CF8810078DFFF /* texture2d_collection.h */ = {isa = PBXFileReference; fileEncoding = 4; lastKnownFileType = sourcecode.c.h; path = texture2d_collection.h; sourceTree = "<group>"; };
		23C9E6721D9CFA820078DFFF /* texture2d_collection.cc */ = {isa = PBXFileReference; fileEncoding = 4; lastKnownFileType = sourcecode.cpp.cpp; path = texture2d_collection.cc; sourceTree = "<group>"; };
		23C9E67A1D9CFB9B0078DFFF /* lua_utils.cc */ = {isa = PBXFileReference; fileEncoding = 4; lastKnownFileType = sourcecode.cpp.cpp; path = lua_utils.cc; sourceTree = "<group>"; };
		23C9E67B1D9CFB9B0078DFFF /* lua_utils.h */ = {isa = PBXFileReference; fileEncoding = 4; lastKnownFileType = sourcecode.c.h; path = lua_utils.h; sourceTree = "<group>"; };
		23C9E67D1D9CFC450078DFFF /* LuaBridge.h */ = {isa = PBXFileReference; fileEncoding = 4; lastKnownFileType = sourcecode.c.h; name = LuaBridge.h; path = "../src/lua-bridge/LuaBridge.h"; sourceTree = "<group>"; };
		23C9E67E1D9CFC450078DFFF /* RefCountedObject.h */ = {isa = PBXFileReference; fileEncoding = 4; lastKnownFileType = sourcecode.c.h; name = RefCountedObject.h; path = "../src/lua-bridge/RefCountedObject.h"; sourceTree = "<group>"; };
		23C9E67F1D9CFC450078DFFF /* RefCountedPtr.h */ = {isa = PBXFileReference; fileEncoding = 4; lastKnownFileType = sourcecode.c.h; name = RefCountedPtr.h; path = "../src/lua-bridge/RefCountedPtr.h"; sourceTree = "<group>"; };
		23D14F8B1DC8370E001E4EFC /* ui_command_list.h */ = {isa = PBXFileReference; fileEncoding = 4; lastKnownFileType = sourcecode.c.h; path = ui_command_list.h; sourceTree = "<group>"; };
		23D14F8C1DC839F9001E4EFC /* ui_layout.h */ = {isa = PBXFileReference; fileEncoding = 4; lastKnownFileType = sourcecode.c.h; path = ui_layout.h; sourceTree = "<group>"; };
		23D14F8D1DC83B8E001E4EFC /* ui_layout.cc */ = {isa = PBXFileReference; fileEncoding = 4; lastKnownFileType = sourcecode.cpp.cpp; path = ui_layout.cc; sourceTree = "<group>"; };
		23D14F8F1DC83C51001E4EFC /* ui_command_list.cc */ = {isa = PBXFileReference; fileEncoding = 4; lastKnownFileType = sourcecode.cpp.cpp; path = ui_command_list.cc; sourceTree = "<group>"; };
		23D14F911DC83F2C001E4EFC /* script_bootstrap.cc */ = {isa = PBXFileReference; fileEncoding = 4; lastKnownFileType = sourcecode.cpp.cpp; path = script_bootstrap.cc; sourceTree = "<group>"; };
		23E1D75D208889CB00F9EF96 /* editor-main.cc */ = {isa = PBXFileReference; lastKnownFileType = sourcecode.cpp.cpp; path = "editor-main.cc"; sourceTree = "<group>"; };
		23FD3C7F20888C7800975CBB /* SDL2.framework */ = {isa = PBXFileReference; lastKnownFileType = wrapper.framework; name = SDL2.framework; path = ../../../../../Library/Frameworks/SDL2.framework; sourceTree = "<group>"; };
		23FD3C8120888C7B00975CBB /* SDL2_image.framework */ = {isa = PBXFileReference; lastKnownFileType = wrapper.framework; name = SDL2_image.framework; path = ../../../../../Library/Frameworks/SDL2_image.framework; sourceTree = "<group>"; };
		23FD3C8320888D3600975CBB /* SDL2_ttf.framework */ = {isa = PBXFileReference; lastKnownFileType = wrapper.framework; name = SDL2_ttf.framework; path = ../../../../../Library/Frameworks/SDL2_ttf.framework; sourceTree = "<group>"; };
		23FD3C8520888D3900975CBB /* SDL2_mixer.framework */ = {isa = PBXFileReference; lastKnownFileType = wrapper.framework; name = SDL2_mixer.framework; path = ../../../../../Library/Frameworks/SDL2_mixer.framework; sourceTree = "<group>"; };
/* End PBXFileReference section */

/* Begin PBXFrameworksBuildPhase section */
		23C9A3EC1D7022EE00DAA480 /* Frameworks */ = {
			isa = PBXFrameworksBuildPhase;
			buildActionMask = 2147483647;
			files = (
				23C9A4191D702F9D00DAA480 /* IOKit.framework in Frameworks */,
				23C9A40B1D70244400DAA480 /* Cocoa.framework in Frameworks */,
				23C9A4171D70249E00DAA480 /* GLUT.framework in Frameworks */,
				23C9A4151D70249700DAA480 /* GLKit.framework in Frameworks */,
				23C9A4131D70249000DAA480 /* CoreVideo.framework in Frameworks */,
				23C9A4091D70243B00DAA480 /* OpenGL.framework in Frameworks */,
				23FD3C8020888C7800975CBB /* SDL2.framework in Frameworks */,
				23FD3C8220888C7B00975CBB /* SDL2_image.framework in Frameworks */,
				23FD3C8420888D3600975CBB /* SDL2_ttf.framework in Frameworks */,
				23FD3C8620888D3900975CBB /* SDL2_mixer.framework in Frameworks */,
				23C9A4021D70241E00DAA480 /* libfreetype.a in Frameworks */,
				23C9A4031D70241E00DAA480 /* libgflags.a in Frameworks */,
				23C9A4041D70241E00DAA480 /* libGLEW.a in Frameworks */,
				23C9A4051D70241E00DAA480 /* libglfw3.a in Frameworks */,
				23C9A4061D70241E00DAA480 /* libglog.a in Frameworks */,
				23C9A4071D70241E00DAA480 /* libluajit.a in Frameworks */,
			);
			runOnlyForDeploymentPostprocessing = 0;
		};
/* End PBXFrameworksBuildPhase section */

/* Begin PBXGroup section */
		23B83F5C1D757F9200DBC418 /* Third-party */ = {
			isa = PBXGroup;
			children = (
				23C9E67D1D9CFC450078DFFF /* LuaBridge.h */,
				23C9E67E1D9CFC450078DFFF /* RefCountedObject.h */,
				23C9E67F1D9CFC450078DFFF /* RefCountedPtr.h */,
				23B83F5D1D7585B400DBC418 /* lodepng_util.h */,
				23B83F5E1D7585B400DBC418 /* lodepng.h */,
				23B83F5F1D7585B400DBC418 /* lodepng_util.cpp */,
				23B83F601D7585B400DBC418 /* lodepng.cpp */,
			);
			name = "Third-party";
			sourceTree = "<group>";
		};
		23C9A3E61D7022EE00DAA480 = {
			isa = PBXGroup;
			children = (
				23C9A4181D702F9D00DAA480 /* IOKit.framework */,
				23C9A4161D70249E00DAA480 /* GLUT.framework */,
				23C9A4141D70249700DAA480 /* GLKit.framework */,
				23C9A4121D70249000DAA480 /* CoreVideo.framework */,
				23C9A40A1D70244400DAA480 /* Cocoa.framework */,
				23C9A4081D70243B00DAA480 /* OpenGL.framework */,
				23C9A3FC1D70241E00DAA480 /* libfreetype.a */,
				23C9A3FD1D70241E00DAA480 /* libgflags.a */,
				23C9A3FE1D70241E00DAA480 /* libGLEW.a */,
				23C9A3FF1D70241E00DAA480 /* libglfw3.a */,
				23C9A4001D70241E00DAA480 /* libglog.a */,
				23C9A4011D70241E00DAA480 /* libluajit.a */,
				23B83F5C1D757F9200DBC418 /* Third-party */,
				23C9A3F91D70230C00DAA480 /* Include */,
				23C9A3F11D7022EE00DAA480 /* Sources */,
				23C9A3F01D7022EE00DAA480 /* Products */,
				23FD3C7E20888C7800975CBB /* Frameworks */,
			);
			sourceTree = "<group>";
		};
		23C9A3F01D7022EE00DAA480 /* Products */ = {
			isa = PBXGroup;
			children = (
				23C9A3EF1D7022EE00DAA480 /* utaha */,
			);
			name = Products;
			sourceTree = "<group>";
		};
		23C9A3F11D7022EE00DAA480 /* Sources */ = {
			isa = PBXGroup;
			children = (
				23C9E67A1D9CFB9B0078DFFF /* lua_utils.cc */,
				23B83F701D79213700DBC418 /* character.cc */,
				23B83F6E1D791A6700DBC418 /* character_ascii.cc */,
				23C9E6721D9CFA820078DFFF /* texture2d_collection.cc */,
				23D14F8D1DC83B8E001E4EFC /* ui_layout.cc */,
				23D14F8F1DC83C51001E4EFC /* ui_command_list.cc */,
				23D14F911DC83F2C001E4EFC /* script_bootstrap.cc */,
				23E1D75D208889CB00F9EF96 /* editor-main.cc */,
				23C6785B208DB72E00A8EA4F /* render-entity.cc */,
				23C6785F208DBB3600A8EA4F /* root-render-entity.cc */,
				23C67862208DC4FD00A8EA4F /* sample-render-entity.cc */,
				239F4808208ED2EB00FD09AD /* interactive-entity.cc */,
				239F480C208ED5CF00FD09AD /* ui-component.cc */,
				239F480F208EE17E00FD09AD /* ui-flat-button.cc */,
				239F4812208F233B00FD09AD /* ui-flat-input-box.cc */,
			);
			name = Sources;
			path = ../src;
			sourceTree = "<group>";
		};
		23C9A3F91D70230C00DAA480 /* Include */ = {
			isa = PBXGroup;
			children = (
				23C9E67B1D9CFB9B0078DFFF /* lua_utils.h */,
				23B83F6B1D78524800DBC418 /* datatype.h */,
				23B83F6C1D7916F400DBC418 /* character.h */,
				23B83F6D1D79177200DBC418 /* base.h */,
				23C9E6711D9CF8810078DFFF /* texture2d_collection.h */,
				23D14F8B1DC8370E001E4EFC /* ui_command_list.h */,
				23D14F8C1DC839F9001E4EFC /* ui_layout.h */,
				23C6785A208DB6BA00A8EA4F /* render-entity.h */,
				23C6785E208DBAE400A8EA4F /* root-render-entity.h */,
				239F480A208ED43D00FD09AD /* interactive-listenner.h */,
				239F4807208EC88D00FD09AD /* interactive-entity.h */,
				23C67861208DC49000A8EA4F /* sample-render-entity.h */,
				239F480B208ED57F00FD09AD /* ui-component.h */,
				239F480E208EE14000FD09AD /* ui-flat-button.h */,
				239F4811208F226A00FD09AD /* ui-flat-input-box.h */,
			);
			name = Include;
			path = ../src;
			sourceTree = "<group>";
		};
		23FD3C7E20888C7800975CBB /* Frameworks */ = {
			isa = PBXGroup;
			children = (
				23FD3C8520888D3900975CBB /* SDL2_mixer.framework */,
				23FD3C8320888D3600975CBB /* SDL2_ttf.framework */,
				23FD3C8120888C7B00975CBB /* SDL2_image.framework */,
				23FD3C7F20888C7800975CBB /* SDL2.framework */,
			);
			name = Frameworks;
			sourceTree = "<group>";
		};
/* End PBXGroup section */

/* Begin PBXNativeTarget section */
		23C9A3EE1D7022EE00DAA480 /* utaha */ = {
			isa = PBXNativeTarget;
			buildConfigurationList = 23C9A3F61D7022EE00DAA480 /* Build configuration list for PBXNativeTarget "utaha" */;
			buildPhases = (
				23C9A3EB1D7022EE00DAA480 /* Sources */,
				23C9A3EC1D7022EE00DAA480 /* Frameworks */,
				23C9A3ED1D7022EE00DAA480 /* CopyFiles */,
			);
			buildRules = (
			);
			dependencies = (
			);
			name = utaha;
			productName = utaha;
			productReference = 23C9A3EF1D7022EE00DAA480 /* utaha */;
			productType = "com.apple.product-type.tool";
		};
/* End PBXNativeTarget section */

/* Begin PBXProject section */
		23C9A3E71D7022EE00DAA480 /* Project object */ = {
			isa = PBXProject;
			attributes = {
				LastUpgradeCheck = 0730;
				ORGANIZATIONNAME = yukino;
				TargetAttributes = {
					23C9A3EE1D7022EE00DAA480 = {
						CreatedOnToolsVersion = 7.3.1;
					};
				};
			};
			buildConfigurationList = 23C9A3EA1D7022EE00DAA480 /* Build configuration list for PBXProject "utaha" */;
			compatibilityVersion = "Xcode 3.2";
			developmentRegion = English;
			hasScannedForEncodings = 0;
			knownRegions = (
				en,
			);
			mainGroup = 23C9A3E61D7022EE00DAA480;
			productRefGroup = 23C9A3F01D7022EE00DAA480 /* Products */;
			projectDirPath = "";
			projectRoot = "";
			targets = (
				23C9A3EE1D7022EE00DAA480 /* utaha */,
			);
		};
/* End PBXProject section */

/* Begin PBXSourcesBuildPhase section */
		23C9A3EB1D7022EE00DAA480 /* Sources */ = {
			isa = PBXSourcesBuildPhase;
			buildActionMask = 2147483647;
			files = (
				239F4810208EE17E00FD09AD /* ui-flat-button.cc in Sources */,
				239F480D208ED5CF00FD09AD /* ui-component.cc in Sources */,
				23C6785C208DB72E00A8EA4F /* render-entity.cc in Sources */,
				239F4813208F233B00FD09AD /* ui-flat-input-box.cc in Sources */,
				239F4809208ED2EB00FD09AD /* interactive-entity.cc in Sources */,
				23C9E6731D9CFA820078DFFF /* texture2d_collection.cc in Sources */,
				23D14F921DC83F2C001E4EFC /* script_bootstrap.cc in Sources */,
				23B83F631D7585B400DBC418 /* lodepng.cpp in Sources */,
				23C67860208DBB3600A8EA4F /* root-render-entity.cc in Sources */,
				23C9E67C1D9CFB9B0078DFFF /* lua_utils.cc in Sources */,
				23D14F8E1DC83B8E001E4EFC /* ui_layout.cc in Sources */,
				23E1D75E208889CB00F9EF96 /* editor-main.cc in Sources */,
				23B83F711D79213700DBC418 /* character.cc in Sources */,
				23D14F901DC83C51001E4EFC /* ui_command_list.cc in Sources */,
				23B83F621D7585B400DBC418 /* lodepng_util.cpp in Sources */,
				23B83F6F1D791A6700DBC418 /* character_ascii.cc in Sources */,
				23C67863208DC4FD00A8EA4F /* sample-render-entity.cc in Sources */,
			);
			runOnlyForDeploymentPostprocessing = 0;
		};
/* End PBXSourcesBuildPhase section */

/* Begin XCBuildConfiguration section */
		23C9A3F41D7022EE00DAA480 /* Debug */ = {
			isa = XCBuildConfiguration;
			buildSettings = {
				ALWAYS_SEARCH_USER_PATHS = NO;
				CLANG_ANALYZER_NONNULL = YES;
				CLANG_CXX_LANGUAGE_STANDARD = "gnu++0x";
				CLANG_CXX_LIBRARY = "libc++";
				CLANG_ENABLE_MODULES = YES;
				CLANG_ENABLE_OBJC_ARC = YES;
				CLANG_WARN_BOOL_CONVERSION = YES;
				CLANG_WARN_CONSTANT_CONVERSION = YES;
				CLANG_WARN_DIRECT_OBJC_ISA_USAGE = YES_ERROR;
				CLANG_WARN_EMPTY_BODY = YES;
				CLANG_WARN_ENUM_CONVERSION = YES;
				CLANG_WARN_INT_CONVERSION = YES;
				CLANG_WARN_OBJC_ROOT_CLASS = YES_ERROR;
				CLANG_WARN_UNREACHABLE_CODE = YES;
				CLANG_WARN__DUPLICATE_METHOD_MATCH = YES;
				CODE_SIGN_IDENTITY = "-";
				COPY_PHASE_STRIP = NO;
				DEBUG_INFORMATION_FORMAT = dwarf;
				ENABLE_STRICT_OBJC_MSGSEND = YES;
				ENABLE_TESTABILITY = YES;
				GCC_C_LANGUAGE_STANDARD = gnu99;
				GCC_DYNAMIC_NO_PIC = NO;
				GCC_NO_COMMON_BLOCKS = YES;
				GCC_OPTIMIZATION_LEVEL = 0;
				GCC_PREPROCESSOR_DEFINITIONS = (
					"DEBUG=1",
					"$(inherited)",
				);
				GCC_WARN_64_TO_32_BIT_CONVERSION = YES;
				GCC_WARN_ABOUT_RETURN_TYPE = YES_ERROR;
				GCC_WARN_UNDECLARED_SELECTOR = YES;
				GCC_WARN_UNINITIALIZED_AUTOS = YES_AGGRESSIVE;
				GCC_WARN_UNUSED_FUNCTION = YES;
				GCC_WARN_UNUSED_VARIABLE = YES;
				HEADER_SEARCH_PATHS = "../third-party/include";
				LIBRARY_SEARCH_PATHS = "../third-party/libs";
				MACOSX_DEPLOYMENT_TARGET = 10.11;
				MTL_ENABLE_DEBUG_INFO = YES;
				ONLY_ACTIVE_ARCH = YES;
				SDKROOT = macosx;
			};
			name = Debug;
		};
		23C9A3F51D7022EE00DAA480 /* Release */ = {
			isa = XCBuildConfiguration;
			buildSettings = {
				ALWAYS_SEARCH_USER_PATHS = NO;
				CLANG_ANALYZER_NONNULL = YES;
				CLANG_CXX_LANGUAGE_STANDARD = "gnu++0x";
				CLANG_CXX_LIBRARY = "libc++";
				CLANG_ENABLE_MODULES = YES;
				CLANG_ENABLE_OBJC_ARC = YES;
				CLANG_WARN_BOOL_CONVERSION = YES;
				CLANG_WARN_CONSTANT_CONVERSION = YES;
				CLANG_WARN_DIRECT_OBJC_ISA_USAGE = YES_ERROR;
				CLANG_WARN_EMPTY_BODY = YES;
				CLANG_WARN_ENUM_CONVERSION = YES;
				CLANG_WARN_INT_CONVERSION = YES;
				CLANG_WARN_OBJC_ROOT_CLASS = YES_ERROR;
				CLANG_WARN_UNREACHABLE_CODE = YES;
				CLANG_WARN__DUPLICATE_METHOD_MATCH = YES;
				CODE_SIGN_IDENTITY = "-";
				COPY_PHASE_STRIP = NO;
				DEBUG_INFORMATION_FORMAT = "dwarf-with-dsym";
				ENABLE_NS_ASSERTIONS = NO;
				ENABLE_STRICT_OBJC_MSGSEND = YES;
				GCC_C_LANGUAGE_STANDARD = gnu99;
				GCC_NO_COMMON_BLOCKS = YES;
				GCC_WARN_64_TO_32_BIT_CONVERSION = YES;
				GCC_WARN_ABOUT_RETURN_TYPE = YES_ERROR;
				GCC_WARN_UNDECLARED_SELECTOR = YES;
				GCC_WARN_UNINITIALIZED_AUTOS = YES_AGGRESSIVE;
				GCC_WARN_UNUSED_FUNCTION = YES;
				GCC_WARN_UNUSED_VARIABLE = YES;
				HEADER_SEARCH_PATHS = "../third-party/include";
				LIBRARY_SEARCH_PATHS = "../third-party/libs";
				MACOSX_DEPLOYMENT_TARGET = 10.11;
				MTL_ENABLE_DEBUG_INFO = NO;
				SDKROOT = macosx;
			};
			name = Release;
		};
		23C9A3F71D7022EE00DAA480 /* Debug */ = {
			isa = XCBuildConfiguration;
			buildSettings = {
				FRAMEWORK_SEARCH_PATHS = (
					"$(inherited)",
					"$(LOCAL_LIBRARY_DIR)/Frameworks",
				);
				PRODUCT_NAME = "$(TARGET_NAME)";
			};
			name = Debug;
		};
		23C9A3F81D7022EE00DAA480 /* Release */ = {
			isa = XCBuildConfiguration;
			buildSettings = {
				FRAMEWORK_SEARCH_PATHS = (
					"$(inherited)",
					"$(LOCAL_LIBRARY_DIR)/Frameworks",
				);
				PRODUCT_NAME = "$(TARGET_NAME)";
			};
			name = Release;
		};
/* End XCBuildConfiguration section */

/* Begin XCConfigurationList section */
		23C9A3EA1D7022EE00DAA480 /* Build configuration list for PBXProject "utaha" */ = {
			isa = XCConfigurationList;
			buildConfigurations = (
				23C9A3F41D7022EE00DAA480 /* Debug */,
				23C9A3F51D7022EE00DAA480 /* Release */,
			);
			defaultConfigurationIsVisible = 0;
			defaultConfigurationName = Release;
		};
		23C9A3F61D7022EE00DAA480 /* Build configuration list for PBXNativeTarget "utaha" */ = {
			isa = XCConfigurationList;
			buildConfigurations = (
				23C9A3F71D7022EE00DAA480 /* Debug */,
				23C9A3F81D7022EE00DAA480 /* Release */,
			);
			defaultConfigurationIsVisible = 0;
			defaultConfigurationName = Release;
		};
/* End XCConfigurationList section */
	};
	rootObject = 23C9A3E71D7022EE00DAA480 /* Project object */;
}
