// !$*UTF8*$!
{
	archiveVersion = 1;
	classes = {
	};
	objectVersion = 46;
	objects = {

/* Begin PBXBuildFile section */
		23044E1E2092CDBD001924AA /* ui-flat-menu-group.cc in Sources */ = {isa = PBXBuildFile; fileRef = 23044E1D2092CDBD001924AA /* ui-flat-menu-group.cc */; };
		23044E21209326D2001924AA /* ui-component-factory.cc in Sources */ = {isa = PBXBuildFile; fileRef = 23044E20209326D2001924AA /* ui-component-factory.cc */; };
		230822FC20900BE2003804EA /* ui-layout.cc in Sources */ = {isa = PBXBuildFile; fileRef = 230822FB20900BE2003804EA /* ui-layout.cc */; };
		2308230020908D7C003804EA /* ui-flat-menu.cc in Sources */ = {isa = PBXBuildFile; fileRef = 230822FF20908D7C003804EA /* ui-flat-menu.cc */; };
		2353C92820940B2200C4B4EB /* ui-component-style-factory.cc in Sources */ = {isa = PBXBuildFile; fileRef = 2353C92720940B2200C4B4EB /* ui-component-style-factory.cc */; };
		2353C92B20940CF400C4B4EB /* ui-style-collection.cc in Sources */ = {isa = PBXBuildFile; fileRef = 2353C92A20940CF400C4B4EB /* ui-style-collection.cc */; };
		237E913320942D8600176FA8 /* libluajit.a in Frameworks */ = {isa = PBXBuildFile; fileRef = 23C9A4011D70241E00DAA480 /* libluajit.a */; };
		237E91382094565600176FA8 /* libgflags.a in Frameworks */ = {isa = PBXBuildFile; fileRef = 2353C92C20942A8E00C4B4EB /* libgflags.a */; };
		237E91392094566C00176FA8 /* libglog.a in Frameworks */ = {isa = PBXBuildFile; fileRef = 23C9A4001D70241E00DAA480 /* libglog.a */; };
		237E91482094616500176FA8 /* ui-style-collection-test.cc in Sources */ = {isa = PBXBuildFile; fileRef = 237E913B209460C700176FA8 /* ui-style-collection-test.cc */; };
		237E91492094616500176FA8 /* lua-utils.cc in Sources */ = {isa = PBXBuildFile; fileRef = 23C9E67A1D9CFB9B0078DFFF /* lua-utils.cc */; };
		237E914B2094616500176FA8 /* render-entity.cc in Sources */ = {isa = PBXBuildFile; fileRef = 23C6785B208DB72E00A8EA4F /* render-entity.cc */; };
		237E914C2094616500176FA8 /* root-render-entity.cc in Sources */ = {isa = PBXBuildFile; fileRef = 23C6785F208DBB3600A8EA4F /* root-render-entity.cc */; };
		237E914D2094616500176FA8 /* sample-render-entity.cc in Sources */ = {isa = PBXBuildFile; fileRef = 23C67862208DC4FD00A8EA4F /* sample-render-entity.cc */; };
		237E914E2094616500176FA8 /* interactive-entity.cc in Sources */ = {isa = PBXBuildFile; fileRef = 239F4808208ED2EB00FD09AD /* interactive-entity.cc */; };
		237E914F2094616500176FA8 /* ui-component.cc in Sources */ = {isa = PBXBuildFile; fileRef = 239F480C208ED5CF00FD09AD /* ui-component.cc */; };
		237E91502094616500176FA8 /* ui-flat-button.cc in Sources */ = {isa = PBXBuildFile; fileRef = 239F480F208EE17E00FD09AD /* ui-flat-button.cc */; };
		237E91512094616500176FA8 /* ui-flat-input-box.cc in Sources */ = {isa = PBXBuildFile; fileRef = 239F4812208F233B00FD09AD /* ui-flat-input-box.cc */; };
		237E91522094616500176FA8 /* ui-flat-menu-group.cc in Sources */ = {isa = PBXBuildFile; fileRef = 23044E1D2092CDBD001924AA /* ui-flat-menu-group.cc */; };
		237E91532094616500176FA8 /* ui-flat-menu.cc in Sources */ = {isa = PBXBuildFile; fileRef = 230822FF20908D7C003804EA /* ui-flat-menu.cc */; };
		237E91542094616500176FA8 /* ui-layout.cc in Sources */ = {isa = PBXBuildFile; fileRef = 230822FB20900BE2003804EA /* ui-layout.cc */; };
		237E91552094616500176FA8 /* ui-component-factory.cc in Sources */ = {isa = PBXBuildFile; fileRef = 23044E20209326D2001924AA /* ui-component-factory.cc */; };
		237E91562094616500176FA8 /* ui-component-style-factory.cc in Sources */ = {isa = PBXBuildFile; fileRef = 2353C92720940B2200C4B4EB /* ui-component-style-factory.cc */; };
		237E91572094616500176FA8 /* ui-style-collection.cc in Sources */ = {isa = PBXBuildFile; fileRef = 2353C92A20940CF400C4B4EB /* ui-style-collection.cc */; };
		237E91582094618400176FA8 /* libgflags.a in Frameworks */ = {isa = PBXBuildFile; fileRef = 2353C92C20942A8E00C4B4EB /* libgflags.a */; };
		237E91592094618400176FA8 /* libglog.a in Frameworks */ = {isa = PBXBuildFile; fileRef = 23C9A4001D70241E00DAA480 /* libglog.a */; };
		237E915A2094618400176FA8 /* libluajit.a in Frameworks */ = {isa = PBXBuildFile; fileRef = 23C9A4011D70241E00DAA480 /* libluajit.a */; };
		237E915C2094618400176FA8 /* libgtest.a in Frameworks */ = {isa = PBXBuildFile; fileRef = 237E915B2094618400176FA8 /* libgtest.a */; };
		237E915D209461B800176FA8 /* SDL2_image.framework in Frameworks */ = {isa = PBXBuildFile; fileRef = 23FD3C8120888C7B00975CBB /* SDL2_image.framework */; };
		237E915E209461B800176FA8 /* SDL2_mixer.framework in Frameworks */ = {isa = PBXBuildFile; fileRef = 23FD3C8520888D3900975CBB /* SDL2_mixer.framework */; };
		237E915F209461B800176FA8 /* SDL2_ttf.framework in Frameworks */ = {isa = PBXBuildFile; fileRef = 23FD3C8320888D3600975CBB /* SDL2_ttf.framework */; };
		237E9160209461B800176FA8 /* SDL2.framework in Frameworks */ = {isa = PBXBuildFile; fileRef = 23FD3C7F20888C7800975CBB /* SDL2.framework */; };
		237E91632094628800176FA8 /* test-main.cc in Sources */ = {isa = PBXBuildFile; fileRef = 237E91612094628800176FA8 /* test-main.cc */; };
		237E9164209462D700176FA8 /* editor-main.cc in Sources */ = {isa = PBXBuildFile; fileRef = 23E1D75D208889CB00F9EF96 /* editor-main.cc */; };
		237E916620947C5F00176FA8 /* ui-component-factory-test.cc in Sources */ = {isa = PBXBuildFile; fileRef = 237E916520947C5F00176FA8 /* ui-component-factory-test.cc */; };
		238F6CDE2099555B00791F67 /* ui-component-builder.cc in Sources */ = {isa = PBXBuildFile; fileRef = 238F6CDD2099555B00791F67 /* ui-component-builder.cc */; };
		238F6CDF2099555B00791F67 /* ui-component-builder.cc in Sources */ = {isa = PBXBuildFile; fileRef = 238F6CDD2099555B00791F67 /* ui-component-builder.cc */; };
		238F6CE1209958CF00791F67 /* ui-component-builder-test.cc in Sources */ = {isa = PBXBuildFile; fileRef = 238F6CE0209958CF00791F67 /* ui-component-builder-test.cc */; };
		239F4809208ED2EB00FD09AD /* interactive-entity.cc in Sources */ = {isa = PBXBuildFile; fileRef = 239F4808208ED2EB00FD09AD /* interactive-entity.cc */; };
		239F480D208ED5CF00FD09AD /* ui-component.cc in Sources */ = {isa = PBXBuildFile; fileRef = 239F480C208ED5CF00FD09AD /* ui-component.cc */; };
		239F4810208EE17E00FD09AD /* ui-flat-button.cc in Sources */ = {isa = PBXBuildFile; fileRef = 239F480F208EE17E00FD09AD /* ui-flat-button.cc */; };
		239F4813208F233B00FD09AD /* ui-flat-input-box.cc in Sources */ = {isa = PBXBuildFile; fileRef = 239F4812208F233B00FD09AD /* ui-flat-input-box.cc */; };
		23A3FC3520A045FB00474E12 /* ui-pic-grid-selector.cc in Sources */ = {isa = PBXBuildFile; fileRef = 23A3FC3420A045FB00474E12 /* ui-pic-grid-selector.cc */; };
		23A3FC3620A045FB00474E12 /* ui-pic-grid-selector.cc in Sources */ = {isa = PBXBuildFile; fileRef = 23A3FC3420A045FB00474E12 /* ui-pic-grid-selector.cc */; };
		23A3FC3920A2EF3800474E12 /* ui-flat-check-box.cc in Sources */ = {isa = PBXBuildFile; fileRef = 23A3FC3820A2EF3800474E12 /* ui-flat-check-box.cc */; };
		23A3FC3A20A2EF3800474E12 /* ui-flat-check-box.cc in Sources */ = {isa = PBXBuildFile; fileRef = 23A3FC3820A2EF3800474E12 /* ui-flat-check-box.cc */; };
		23A3FC3D20A59C7000474E12 /* ui-form.cc in Sources */ = {isa = PBXBuildFile; fileRef = 23A3FC3C20A59C7000474E12 /* ui-form.cc */; };
		23A3FC3E20A59C7000474E12 /* ui-form.cc in Sources */ = {isa = PBXBuildFile; fileRef = 23A3FC3C20A59C7000474E12 /* ui-form.cc */; };
		23A3FC4020A9351400474E12 /* editor-form.cc in Sources */ = {isa = PBXBuildFile; fileRef = 23A3FC3F20A9351400474E12 /* editor-form.cc */; };
		23A3FC4420A93FE300474E12 /* on-exit-scope.cc in Sources */ = {isa = PBXBuildFile; fileRef = 23A3FC4320A93FE300474E12 /* on-exit-scope.cc */; };
		23A3FC4520A93FE300474E12 /* on-exit-scope.cc in Sources */ = {isa = PBXBuildFile; fileRef = 23A3FC4320A93FE300474E12 /* on-exit-scope.cc */; };
		23A3FC4820A9740700474E12 /* script-executor.cc in Sources */ = {isa = PBXBuildFile; fileRef = 23A3FC4720A9740700474E12 /* script-executor.cc */; };
		23A3FC4920A9740700474E12 /* script-executor.cc in Sources */ = {isa = PBXBuildFile; fileRef = 23A3FC4720A9740700474E12 /* script-executor.cc */; };
		23A3FC4C20A989F800474E12 /* ui-flat-status-bar.cc in Sources */ = {isa = PBXBuildFile; fileRef = 23A3FC4B20A989F800474E12 /* ui-flat-status-bar.cc */; };
		23A3FC4D20A989F800474E12 /* ui-flat-status-bar.cc in Sources */ = {isa = PBXBuildFile; fileRef = 23A3FC4B20A989F800474E12 /* ui-flat-status-bar.cc */; };
		23A3FC5020AACC1200474E12 /* raw-pic-collection.cc in Sources */ = {isa = PBXBuildFile; fileRef = 23A3FC4F20AACC1200474E12 /* raw-pic-collection.cc */; };
		23A3FC5120AACC1200474E12 /* raw-pic-collection.cc in Sources */ = {isa = PBXBuildFile; fileRef = 23A3FC4F20AACC1200474E12 /* raw-pic-collection.cc */; };
		23A3FC5320AAD79000474E12 /* raw-pic-collection-test.cc in Sources */ = {isa = PBXBuildFile; fileRef = 23A3FC5220AAD79000474E12 /* raw-pic-collection-test.cc */; };
		23A6E83520B258B200815541 /* indexed-tile.cc in Sources */ = {isa = PBXBuildFile; fileRef = 23A6E83420B258B200815541 /* indexed-tile.cc */; };
		23A6E83620B258B200815541 /* indexed-tile.cc in Sources */ = {isa = PBXBuildFile; fileRef = 23A6E83420B258B200815541 /* indexed-tile.cc */; };
		23A6E83920B25C7E00815541 /* indexed-tile-storage.cc in Sources */ = {isa = PBXBuildFile; fileRef = 23A6E83820B25C7E00815541 /* indexed-tile-storage.cc */; };
		23A6E83A20B25C7E00815541 /* indexed-tile-storage.cc in Sources */ = {isa = PBXBuildFile; fileRef = 23A6E83820B25C7E00815541 /* indexed-tile-storage.cc */; };
		23A6E83C20B2C92F00815541 /* indexed-tile-storage-test.cc in Sources */ = {isa = PBXBuildFile; fileRef = 23A6E83B20B2C92F00815541 /* indexed-tile-storage-test.cc */; };
		23A6E83F20B3A9DB00815541 /* universal-profile.cc in Sources */ = {isa = PBXBuildFile; fileRef = 23A6E83E20B3A9DB00815541 /* universal-profile.cc */; };
		23A6E84020B3A9DB00815541 /* universal-profile.cc in Sources */ = {isa = PBXBuildFile; fileRef = 23A6E83E20B3A9DB00815541 /* universal-profile.cc */; };
		23C6785C208DB72E00A8EA4F /* render-entity.cc in Sources */ = {isa = PBXBuildFile; fileRef = 23C6785B208DB72E00A8EA4F /* render-entity.cc */; };
		23C67860208DBB3600A8EA4F /* root-render-entity.cc in Sources */ = {isa = PBXBuildFile; fileRef = 23C6785F208DBB3600A8EA4F /* root-render-entity.cc */; };
		23C67863208DC4FD00A8EA4F /* sample-render-entity.cc in Sources */ = {isa = PBXBuildFile; fileRef = 23C67862208DC4FD00A8EA4F /* sample-render-entity.cc */; };
		23C9E67C1D9CFB9B0078DFFF /* lua-utils.cc in Sources */ = {isa = PBXBuildFile; fileRef = 23C9E67A1D9CFB9B0078DFFF /* lua-utils.cc */; };
		23F34A8020AD2C3F00C3D7A4 /* text-input-mode-controller.cc in Sources */ = {isa = PBXBuildFile; fileRef = 23F34A7F20AD2C3F00C3D7A4 /* text-input-mode-controller.cc */; };
		23F34A8120AD2C3F00C3D7A4 /* text-input-mode-controller.cc in Sources */ = {isa = PBXBuildFile; fileRef = 23F34A7F20AD2C3F00C3D7A4 /* text-input-mode-controller.cc */; };
		23FD3C8020888C7800975CBB /* SDL2.framework in Frameworks */ = {isa = PBXBuildFile; fileRef = 23FD3C7F20888C7800975CBB /* SDL2.framework */; };
		23FD3C8220888C7B00975CBB /* SDL2_image.framework in Frameworks */ = {isa = PBXBuildFile; fileRef = 23FD3C8120888C7B00975CBB /* SDL2_image.framework */; };
		23FD3C8420888D3600975CBB /* SDL2_ttf.framework in Frameworks */ = {isa = PBXBuildFile; fileRef = 23FD3C8320888D3600975CBB /* SDL2_ttf.framework */; };
		23FD3C8620888D3900975CBB /* SDL2_mixer.framework in Frameworks */ = {isa = PBXBuildFile; fileRef = 23FD3C8520888D3900975CBB /* SDL2_mixer.framework */; };
		23FE797A20AFFB3A00048479 /* ui-flat-label.cc in Sources */ = {isa = PBXBuildFile; fileRef = 23FE797920AFFB3A00048479 /* ui-flat-label.cc */; };
		23FE797B20AFFB3A00048479 /* ui-flat-label.cc in Sources */ = {isa = PBXBuildFile; fileRef = 23FE797920AFFB3A00048479 /* ui-flat-label.cc */; };
		23FE797E20B123E500048479 /* grid-pic-storage.cc in Sources */ = {isa = PBXBuildFile; fileRef = 23FE797D20B123E500048479 /* grid-pic-storage.cc */; };
		23FE797F20B123E500048479 /* grid-pic-storage.cc in Sources */ = {isa = PBXBuildFile; fileRef = 23FE797D20B123E500048479 /* grid-pic-storage.cc */; };
		23FE798120B1AF2100048479 /* grid-pic-storage-test.cc in Sources */ = {isa = PBXBuildFile; fileRef = 23FE798020B1AF2100048479 /* grid-pic-storage-test.cc */; };
/* End PBXBuildFile section */

/* Begin PBXCopyFilesBuildPhase section */
		237E913F2094611300176FA8 /* CopyFiles */ = {
			isa = PBXCopyFilesBuildPhase;
			buildActionMask = 2147483647;
			dstPath = /usr/share/man/man1/;
			dstSubfolderSpec = 0;
			files = (
			);
			runOnlyForDeploymentPostprocessing = 1;
		};
		23C9A3ED1D7022EE00DAA480 /* CopyFiles */ = {
			isa = PBXCopyFilesBuildPhase;
			buildActionMask = 2147483647;
			dstPath = /usr/share/man/man1/;
			dstSubfolderSpec = 0;
			files = (
			);
			runOnlyForDeploymentPostprocessing = 1;
		};
/* End PBXCopyFilesBuildPhase section */

/* Begin PBXFileReference section */
		23044E1C2092CD2E001924AA /* ui-flat-menu-group.h */ = {isa = PBXFileReference; lastKnownFileType = sourcecode.c.h; path = "ui-flat-menu-group.h"; sourceTree = "<group>"; };
		23044E1D2092CDBD001924AA /* ui-flat-menu-group.cc */ = {isa = PBXFileReference; lastKnownFileType = sourcecode.cpp.cpp; path = "ui-flat-menu-group.cc"; sourceTree = "<group>"; };
		23044E1F2093264D001924AA /* ui-component-factory.h */ = {isa = PBXFileReference; lastKnownFileType = sourcecode.c.h; path = "ui-component-factory.h"; sourceTree = "<group>"; };
		23044E20209326D2001924AA /* ui-component-factory.cc */ = {isa = PBXFileReference; lastKnownFileType = sourcecode.cpp.cpp; path = "ui-component-factory.cc"; sourceTree = "<group>"; };
		230822FA20900BA9003804EA /* ui-layout.h */ = {isa = PBXFileReference; lastKnownFileType = sourcecode.c.h; path = "ui-layout.h"; sourceTree = "<group>"; };
		230822FB20900BE2003804EA /* ui-layout.cc */ = {isa = PBXFileReference; lastKnownFileType = sourcecode.cpp.cpp; path = "ui-layout.cc"; sourceTree = "<group>"; };
		230822FE20908D33003804EA /* ui-flat-menu.h */ = {isa = PBXFileReference; fileEncoding = 4; lastKnownFileType = sourcecode.c.h; path = "ui-flat-menu.h"; sourceTree = "<group>"; };
		230822FF20908D7C003804EA /* ui-flat-menu.cc */ = {isa = PBXFileReference; lastKnownFileType = sourcecode.cpp.cpp; path = "ui-flat-menu.cc"; sourceTree = "<group>"; };
		2353C92720940B2200C4B4EB /* ui-component-style-factory.cc */ = {isa = PBXFileReference; lastKnownFileType = sourcecode.cpp.cpp; path = "ui-component-style-factory.cc"; sourceTree = "<group>"; };
		2353C92920940CB500C4B4EB /* ui-style-collection.h */ = {isa = PBXFileReference; lastKnownFileType = sourcecode.c.h; path = "ui-style-collection.h"; sourceTree = "<group>"; };
		2353C92A20940CF400C4B4EB /* ui-style-collection.cc */ = {isa = PBXFileReference; lastKnownFileType = sourcecode.cpp.cpp; path = "ui-style-collection.cc"; sourceTree = "<group>"; };
		2353C92C20942A8E00C4B4EB /* libgflags.a */ = {isa = PBXFileReference; lastKnownFileType = archive.ar; name = libgflags.a; path = "../third-party/libs/libgflags.a"; sourceTree = "<group>"; };
		237E913B209460C700176FA8 /* ui-style-collection-test.cc */ = {isa = PBXFileReference; lastKnownFileType = sourcecode.cpp.cpp; path = "ui-style-collection-test.cc"; sourceTree = "<group>"; };
		237E91412094611300176FA8 /* unit-tests */ = {isa = PBXFileReference; explicitFileType = "compiled.mach-o.executable"; includeInIndex = 0; path = "unit-tests"; sourceTree = BUILT_PRODUCTS_DIR; };
		237E915B2094618400176FA8 /* libgtest.a */ = {isa = PBXFileReference; lastKnownFileType = archive.ar; name = libgtest.a; path = "../third-party/libs/libgtest.a"; sourceTree = "<group>"; };
		237E91612094628800176FA8 /* test-main.cc */ = {isa = PBXFileReference; lastKnownFileType = sourcecode.cpp.cpp; path = "test-main.cc"; sourceTree = "<group>"; };
		237E916520947C5F00176FA8 /* ui-component-factory-test.cc */ = {isa = PBXFileReference; lastKnownFileType = sourcecode.cpp.cpp; path = "ui-component-factory-test.cc"; sourceTree = "<group>"; };
		238F6CDC209954ED00791F67 /* ui-component-builder.h */ = {isa = PBXFileReference; lastKnownFileType = sourcecode.c.h; path = "ui-component-builder.h"; sourceTree = "<group>"; };
		238F6CDD2099555B00791F67 /* ui-component-builder.cc */ = {isa = PBXFileReference; lastKnownFileType = sourcecode.cpp.cpp; path = "ui-component-builder.cc"; sourceTree = "<group>"; };
		238F6CE0209958CF00791F67 /* ui-component-builder-test.cc */ = {isa = PBXFileReference; lastKnownFileType = sourcecode.cpp.cpp; path = "ui-component-builder-test.cc"; sourceTree = "<group>"; };
		239F4807208EC88D00FD09AD /* interactive-entity.h */ = {isa = PBXFileReference; lastKnownFileType = sourcecode.c.h; path = "interactive-entity.h"; sourceTree = "<group>"; };
		239F4808208ED2EB00FD09AD /* interactive-entity.cc */ = {isa = PBXFileReference; lastKnownFileType = sourcecode.cpp.cpp; path = "interactive-entity.cc"; sourceTree = "<group>"; };
		239F480A208ED43D00FD09AD /* interactive-listenner.h */ = {isa = PBXFileReference; lastKnownFileType = sourcecode.c.h; path = "interactive-listenner.h"; sourceTree = "<group>"; };
		239F480B208ED57F00FD09AD /* ui-component.h */ = {isa = PBXFileReference; lastKnownFileType = sourcecode.c.h; path = "ui-component.h"; sourceTree = "<group>"; };
		239F480C208ED5CF00FD09AD /* ui-component.cc */ = {isa = PBXFileReference; lastKnownFileType = sourcecode.cpp.cpp; path = "ui-component.cc"; sourceTree = "<group>"; };
		239F480E208EE14000FD09AD /* ui-flat-button.h */ = {isa = PBXFileReference; lastKnownFileType = sourcecode.c.h; path = "ui-flat-button.h"; sourceTree = "<group>"; };
		239F480F208EE17E00FD09AD /* ui-flat-button.cc */ = {isa = PBXFileReference; lastKnownFileType = sourcecode.cpp.cpp; path = "ui-flat-button.cc"; sourceTree = "<group>"; };
		239F4811208F226A00FD09AD /* ui-flat-input-box.h */ = {isa = PBXFileReference; lastKnownFileType = sourcecode.c.h; path = "ui-flat-input-box.h"; sourceTree = "<group>"; };
		239F4812208F233B00FD09AD /* ui-flat-input-box.cc */ = {isa = PBXFileReference; lastKnownFileType = sourcecode.cpp.cpp; path = "ui-flat-input-box.cc"; sourceTree = "<group>"; };
		23A3FC3320A0453700474E12 /* ui-pic-grid-selector.h */ = {isa = PBXFileReference; lastKnownFileType = sourcecode.c.h; path = "ui-pic-grid-selector.h"; sourceTree = "<group>"; };
		23A3FC3420A045FB00474E12 /* ui-pic-grid-selector.cc */ = {isa = PBXFileReference; lastKnownFileType = sourcecode.cpp.cpp; path = "ui-pic-grid-selector.cc"; sourceTree = "<group>"; };
		23A3FC3720A2EEEE00474E12 /* ui-flat-check-box.h */ = {isa = PBXFileReference; lastKnownFileType = sourcecode.c.h; path = "ui-flat-check-box.h"; sourceTree = "<group>"; };
		23A3FC3820A2EF3800474E12 /* ui-flat-check-box.cc */ = {isa = PBXFileReference; lastKnownFileType = sourcecode.cpp.cpp; path = "ui-flat-check-box.cc"; sourceTree = "<group>"; };
		23A3FC3B20A5919A00474E12 /* ui-form.h */ = {isa = PBXFileReference; lastKnownFileType = sourcecode.c.h; path = "ui-form.h"; sourceTree = "<group>"; };
		23A3FC3C20A59C7000474E12 /* ui-form.cc */ = {isa = PBXFileReference; lastKnownFileType = sourcecode.cpp.cpp; path = "ui-form.cc"; sourceTree = "<group>"; };
		23A3FC3F20A9351400474E12 /* editor-form.cc */ = {isa = PBXFileReference; lastKnownFileType = sourcecode.cpp.cpp; path = "editor-form.cc"; sourceTree = "<group>"; };
		23A3FC4120A93A5300474E12 /* lazy-instance.h */ = {isa = PBXFileReference; lastKnownFileType = sourcecode.c.h; path = "lazy-instance.h"; sourceTree = "<group>"; };
		23A3FC4220A93F6300474E12 /* on-exit-scope.h */ = {isa = PBXFileReference; lastKnownFileType = sourcecode.c.h; path = "on-exit-scope.h"; sourceTree = "<group>"; };
		23A3FC4320A93FE300474E12 /* on-exit-scope.cc */ = {isa = PBXFileReference; lastKnownFileType = sourcecode.cpp.cpp; path = "on-exit-scope.cc"; sourceTree = "<group>"; };
		23A3FC4620A9445B00474E12 /* script-executor.h */ = {isa = PBXFileReference; lastKnownFileType = sourcecode.c.h; path = "script-executor.h"; sourceTree = "<group>"; };
		23A3FC4720A9740700474E12 /* script-executor.cc */ = {isa = PBXFileReference; lastKnownFileType = sourcecode.cpp.cpp; path = "script-executor.cc"; sourceTree = "<group>"; };
		23A3FC4A20A9895C00474E12 /* ui-flat-status-bar.h */ = {isa = PBXFileReference; lastKnownFileType = sourcecode.c.h; path = "ui-flat-status-bar.h"; sourceTree = "<group>"; };
		23A3FC4B20A989F800474E12 /* ui-flat-status-bar.cc */ = {isa = PBXFileReference; lastKnownFileType = sourcecode.cpp.cpp; path = "ui-flat-status-bar.cc"; sourceTree = "<group>"; };
		23A3FC4E20AACB4D00474E12 /* raw-pic-collection.h */ = {isa = PBXFileReference; lastKnownFileType = sourcecode.c.h; path = "raw-pic-collection.h"; sourceTree = "<group>"; };
		23A3FC4F20AACC1200474E12 /* raw-pic-collection.cc */ = {isa = PBXFileReference; lastKnownFileType = sourcecode.cpp.cpp; path = "raw-pic-collection.cc"; sourceTree = "<group>"; };
		23A3FC5220AAD79000474E12 /* raw-pic-collection-test.cc */ = {isa = PBXFileReference; lastKnownFileType = sourcecode.cpp.cpp; path = "raw-pic-collection-test.cc"; sourceTree = "<group>"; };
		23A6E83320B258A500815541 /* indexed-tile.h */ = {isa = PBXFileReference; lastKnownFileType = sourcecode.c.h; path = "indexed-tile.h"; sourceTree = "<group>"; };
		23A6E83420B258B200815541 /* indexed-tile.cc */ = {isa = PBXFileReference; lastKnownFileType = sourcecode.cpp.cpp; path = "indexed-tile.cc"; sourceTree = "<group>"; };
		23A6E83720B25C6900815541 /* indexed-tile-storage.h */ = {isa = PBXFileReference; lastKnownFileType = sourcecode.c.h; path = "indexed-tile-storage.h"; sourceTree = "<group>"; };
		23A6E83820B25C7E00815541 /* indexed-tile-storage.cc */ = {isa = PBXFileReference; lastKnownFileType = sourcecode.cpp.cpp; path = "indexed-tile-storage.cc"; sourceTree = "<group>"; };
		23A6E83B20B2C92F00815541 /* indexed-tile-storage-test.cc */ = {isa = PBXFileReference; lastKnownFileType = sourcecode.cpp.cpp; path = "indexed-tile-storage-test.cc"; sourceTree = "<group>"; };
		23A6E83D20B3A9C500815541 /* universal-profile.h */ = {isa = PBXFileReference; lastKnownFileType = sourcecode.c.h; path = "universal-profile.h"; sourceTree = "<group>"; };
		23A6E83E20B3A9DB00815541 /* universal-profile.cc */ = {isa = PBXFileReference; lastKnownFileType = sourcecode.cpp.cpp; path = "universal-profile.cc"; sourceTree = "<group>"; };
		23B83F6B1D78524800DBC418 /* datatype.h */ = {isa = PBXFileReference; fileEncoding = 4; lastKnownFileType = sourcecode.c.h; path = datatype.h; sourceTree = "<group>"; };
		23B83F6D1D79177200DBC418 /* base.h */ = {isa = PBXFileReference; fileEncoding = 4; lastKnownFileType = sourcecode.c.h; path = base.h; sourceTree = "<group>"; };
		23C6785A208DB6BA00A8EA4F /* render-entity.h */ = {isa = PBXFileReference; lastKnownFileType = sourcecode.c.h; path = "render-entity.h"; sourceTree = "<group>"; };
		23C6785B208DB72E00A8EA4F /* render-entity.cc */ = {isa = PBXFileReference; lastKnownFileType = sourcecode.cpp.cpp; path = "render-entity.cc"; sourceTree = "<group>"; };
		23C6785E208DBAE400A8EA4F /* root-render-entity.h */ = {isa = PBXFileReference; lastKnownFileType = sourcecode.c.h; path = "root-render-entity.h"; sourceTree = "<group>"; };
		23C6785F208DBB3600A8EA4F /* root-render-entity.cc */ = {isa = PBXFileReference; lastKnownFileType = sourcecode.cpp.cpp; path = "root-render-entity.cc"; sourceTree = "<group>"; };
		23C67861208DC49000A8EA4F /* sample-render-entity.h */ = {isa = PBXFileReference; lastKnownFileType = sourcecode.c.h; path = "sample-render-entity.h"; sourceTree = "<group>"; };
		23C67862208DC4FD00A8EA4F /* sample-render-entity.cc */ = {isa = PBXFileReference; lastKnownFileType = sourcecode.cpp.cpp; path = "sample-render-entity.cc"; sourceTree = "<group>"; };
		23C9A3EF1D7022EE00DAA480 /* utaha */ = {isa = PBXFileReference; explicitFileType = "compiled.mach-o.executable"; includeInIndex = 0; path = utaha; sourceTree = BUILT_PRODUCTS_DIR; };
		23C9A4001D70241E00DAA480 /* libglog.a */ = {isa = PBXFileReference; lastKnownFileType = archive.ar; name = libglog.a; path = "../third-party/libs/libglog.a"; sourceTree = "<group>"; };
		23C9A4011D70241E00DAA480 /* libluajit.a */ = {isa = PBXFileReference; lastKnownFileType = archive.ar; name = libluajit.a; path = "../third-party/libs/libluajit.a"; sourceTree = "<group>"; };
		23C9E67A1D9CFB9B0078DFFF /* lua-utils.cc */ = {isa = PBXFileReference; fileEncoding = 4; lastKnownFileType = sourcecode.cpp.cpp; path = "lua-utils.cc"; sourceTree = "<group>"; };
		23C9E67B1D9CFB9B0078DFFF /* lua-utils.h */ = {isa = PBXFileReference; fileEncoding = 4; lastKnownFileType = sourcecode.c.h; path = "lua-utils.h"; sourceTree = "<group>"; };
		23C9E67D1D9CFC450078DFFF /* LuaBridge.h */ = {isa = PBXFileReference; fileEncoding = 4; lastKnownFileType = sourcecode.c.h; name = LuaBridge.h; path = "../src/lua-bridge/LuaBridge.h"; sourceTree = "<group>"; };
		23C9E67E1D9CFC450078DFFF /* RefCountedObject.h */ = {isa = PBXFileReference; fileEncoding = 4; lastKnownFileType = sourcecode.c.h; name = RefCountedObject.h; path = "../src/lua-bridge/RefCountedObject.h"; sourceTree = "<group>"; };
		23C9E67F1D9CFC450078DFFF /* RefCountedPtr.h */ = {isa = PBXFileReference; fileEncoding = 4; lastKnownFileType = sourcecode.c.h; name = RefCountedPtr.h; path = "../src/lua-bridge/RefCountedPtr.h"; sourceTree = "<group>"; };
		23E1D75D208889CB00F9EF96 /* editor-main.cc */ = {isa = PBXFileReference; lastKnownFileType = sourcecode.cpp.cpp; path = "editor-main.cc"; sourceTree = "<group>"; };
		23F34A7E20AD2AC100C3D7A4 /* text-input-mode-controller.h */ = {isa = PBXFileReference; lastKnownFileType = sourcecode.c.h; path = "text-input-mode-controller.h"; sourceTree = "<group>"; };
		23F34A7F20AD2C3F00C3D7A4 /* text-input-mode-controller.cc */ = {isa = PBXFileReference; lastKnownFileType = sourcecode.cpp.cpp; path = "text-input-mode-controller.cc"; sourceTree = "<group>"; };
		23FD3C7F20888C7800975CBB /* SDL2.framework */ = {isa = PBXFileReference; lastKnownFileType = wrapper.framework; name = SDL2.framework; path = ../../../../../Library/Frameworks/SDL2.framework; sourceTree = "<group>"; };
		23FD3C8120888C7B00975CBB /* SDL2_image.framework */ = {isa = PBXFileReference; lastKnownFileType = wrapper.framework; name = SDL2_image.framework; path = ../../../../../Library/Frameworks/SDL2_image.framework; sourceTree = "<group>"; };
		23FD3C8320888D3600975CBB /* SDL2_ttf.framework */ = {isa = PBXFileReference; lastKnownFileType = wrapper.framework; name = SDL2_ttf.framework; path = ../../../../../Library/Frameworks/SDL2_ttf.framework; sourceTree = "<group>"; };
		23FD3C8520888D3900975CBB /* SDL2_mixer.framework */ = {isa = PBXFileReference; lastKnownFileType = wrapper.framework; name = SDL2_mixer.framework; path = ../../../../../Library/Frameworks/SDL2_mixer.framework; sourceTree = "<group>"; };
		23FE797820AFFAC700048479 /* ui-flat-label.h */ = {isa = PBXFileReference; lastKnownFileType = sourcecode.c.h; path = "ui-flat-label.h"; sourceTree = "<group>"; };
		23FE797920AFFB3A00048479 /* ui-flat-label.cc */ = {isa = PBXFileReference; lastKnownFileType = sourcecode.cpp.cpp; path = "ui-flat-label.cc"; sourceTree = "<group>"; };
		23FE797C20B123D200048479 /* grid-pic-storage.h */ = {isa = PBXFileReference; lastKnownFileType = sourcecode.c.h; path = "grid-pic-storage.h"; sourceTree = "<group>"; };
		23FE797D20B123E500048479 /* grid-pic-storage.cc */ = {isa = PBXFileReference; lastKnownFileType = sourcecode.cpp.cpp; path = "grid-pic-storage.cc"; sourceTree = "<group>"; };
		23FE798020B1AF2100048479 /* grid-pic-storage-test.cc */ = {isa = PBXFileReference; lastKnownFileType = sourcecode.cpp.cpp; path = "grid-pic-storage-test.cc"; sourceTree = "<group>"; };
/* End PBXFileReference section */

/* Begin PBXFrameworksBuildPhase section */
		237E913E2094611300176FA8 /* Frameworks */ = {
			isa = PBXFrameworksBuildPhase;
			buildActionMask = 2147483647;
			files = (
				237E915D209461B800176FA8 /* SDL2_image.framework in Frameworks */,
				237E915E209461B800176FA8 /* SDL2_mixer.framework in Frameworks */,
				237E915F209461B800176FA8 /* SDL2_ttf.framework in Frameworks */,
				237E9160209461B800176FA8 /* SDL2.framework in Frameworks */,
				237E915C2094618400176FA8 /* libgtest.a in Frameworks */,
				237E91582094618400176FA8 /* libgflags.a in Frameworks */,
				237E91592094618400176FA8 /* libglog.a in Frameworks */,
				237E915A2094618400176FA8 /* libluajit.a in Frameworks */,
			);
			runOnlyForDeploymentPostprocessing = 0;
		};
		23C9A3EC1D7022EE00DAA480 /* Frameworks */ = {
			isa = PBXFrameworksBuildPhase;
			buildActionMask = 2147483647;
			files = (
				237E91392094566C00176FA8 /* libglog.a in Frameworks */,
				237E91382094565600176FA8 /* libgflags.a in Frameworks */,
				237E913320942D8600176FA8 /* libluajit.a in Frameworks */,
				23FD3C8020888C7800975CBB /* SDL2.framework in Frameworks */,
				23FD3C8220888C7B00975CBB /* SDL2_image.framework in Frameworks */,
				23FD3C8420888D3600975CBB /* SDL2_ttf.framework in Frameworks */,
				23FD3C8620888D3900975CBB /* SDL2_mixer.framework in Frameworks */,
			);
			runOnlyForDeploymentPostprocessing = 0;
		};
/* End PBXFrameworksBuildPhase section */

/* Begin PBXGroup section */
		237E913A2094608B00176FA8 /* Tests */ = {
			isa = PBXGroup;
			children = (
				237E913B209460C700176FA8 /* ui-style-collection-test.cc */,
				237E916520947C5F00176FA8 /* ui-component-factory-test.cc */,
				238F6CE0209958CF00791F67 /* ui-component-builder-test.cc */,
				23A3FC5220AAD79000474E12 /* raw-pic-collection-test.cc */,
				23A6E83B20B2C92F00815541 /* indexed-tile-storage-test.cc */,
				23FE798020B1AF2100048479 /* grid-pic-storage-test.cc */,
				237E91612094628800176FA8 /* test-main.cc */,
			);
			name = Tests;
			path = ../src;
			sourceTree = "<group>";
		};
		23B83F5C1D757F9200DBC418 /* Third-party */ = {
			isa = PBXGroup;
			children = (
				23C9E67D1D9CFC450078DFFF /* LuaBridge.h */,
				23C9E67E1D9CFC450078DFFF /* RefCountedObject.h */,
				23C9E67F1D9CFC450078DFFF /* RefCountedPtr.h */,
			);
			name = "Third-party";
			sourceTree = "<group>";
		};
		23C9A3E61D7022EE00DAA480 = {
			isa = PBXGroup;
			children = (
				23F89EB920ABD06B00EDC6A9 /* Megumi */,
				23FD3C7E20888C7800975CBB /* Frameworks */,
				23B83F5C1D757F9200DBC418 /* Third-party */,
				23C9A3F91D70230C00DAA480 /* Include */,
				237E913A2094608B00176FA8 /* Tests */,
				23C9A3F11D7022EE00DAA480 /* Sources */,
				23C9A3F01D7022EE00DAA480 /* Products */,
			);
			sourceTree = "<group>";
		};
		23C9A3F01D7022EE00DAA480 /* Products */ = {
			isa = PBXGroup;
			children = (
				23C9A3EF1D7022EE00DAA480 /* utaha */,
				237E91412094611300176FA8 /* unit-tests */,
			);
			name = Products;
			sourceTree = "<group>";
		};
		23C9A3F11D7022EE00DAA480 /* Sources */ = {
			isa = PBXGroup;
			children = (
				23C9E67A1D9CFB9B0078DFFF /* lua-utils.cc */,
				23A3FC3F20A9351400474E12 /* editor-form.cc */,
				23E1D75D208889CB00F9EF96 /* editor-main.cc */,
				23C6785B208DB72E00A8EA4F /* render-entity.cc */,
				23C6785F208DBB3600A8EA4F /* root-render-entity.cc */,
				23C67862208DC4FD00A8EA4F /* sample-render-entity.cc */,
				239F4808208ED2EB00FD09AD /* interactive-entity.cc */,
				239F480C208ED5CF00FD09AD /* ui-component.cc */,
				239F480F208EE17E00FD09AD /* ui-flat-button.cc */,
				239F4812208F233B00FD09AD /* ui-flat-input-box.cc */,
				23044E1D2092CDBD001924AA /* ui-flat-menu-group.cc */,
				230822FF20908D7C003804EA /* ui-flat-menu.cc */,
				23A3FC3820A2EF3800474E12 /* ui-flat-check-box.cc */,
				23A3FC4B20A989F800474E12 /* ui-flat-status-bar.cc */,
				23FE797920AFFB3A00048479 /* ui-flat-label.cc */,
				23A3FC3420A045FB00474E12 /* ui-pic-grid-selector.cc */,
				230822FB20900BE2003804EA /* ui-layout.cc */,
				23044E20209326D2001924AA /* ui-component-factory.cc */,
				2353C92720940B2200C4B4EB /* ui-component-style-factory.cc */,
				238F6CDD2099555B00791F67 /* ui-component-builder.cc */,
				2353C92A20940CF400C4B4EB /* ui-style-collection.cc */,
				23A3FC3C20A59C7000474E12 /* ui-form.cc */,
				23A3FC4320A93FE300474E12 /* on-exit-scope.cc */,
				23A3FC4720A9740700474E12 /* script-executor.cc */,
				23A3FC4F20AACC1200474E12 /* raw-pic-collection.cc */,
				23F34A7F20AD2C3F00C3D7A4 /* text-input-mode-controller.cc */,
				23FE797D20B123E500048479 /* grid-pic-storage.cc */,
				23A6E83420B258B200815541 /* indexed-tile.cc */,
				23A6E83820B25C7E00815541 /* indexed-tile-storage.cc */,
				23A6E83E20B3A9DB00815541 /* universal-profile.cc */,
			);
			name = Sources;
			path = ../src;
			sourceTree = "<group>";
		};
		23C9A3F91D70230C00DAA480 /* Include */ = {
			isa = PBXGroup;
			children = (
				23C9E67B1D9CFB9B0078DFFF /* lua-utils.h */,
				23B83F6B1D78524800DBC418 /* datatype.h */,
				23B83F6D1D79177200DBC418 /* base.h */,
				23C6785A208DB6BA00A8EA4F /* render-entity.h */,
				23C6785E208DBAE400A8EA4F /* root-render-entity.h */,
				239F480A208ED43D00FD09AD /* interactive-listenner.h */,
				239F4807208EC88D00FD09AD /* interactive-entity.h */,
				23C67861208DC49000A8EA4F /* sample-render-entity.h */,
				239F480B208ED57F00FD09AD /* ui-component.h */,
				239F480E208EE14000FD09AD /* ui-flat-button.h */,
				239F4811208F226A00FD09AD /* ui-flat-input-box.h */,
				23044E1C2092CD2E001924AA /* ui-flat-menu-group.h */,
				230822FE20908D33003804EA /* ui-flat-menu.h */,
				23A3FC3720A2EEEE00474E12 /* ui-flat-check-box.h */,
				23A3FC4A20A9895C00474E12 /* ui-flat-status-bar.h */,
				23FE797820AFFAC700048479 /* ui-flat-label.h */,
				23A3FC3320A0453700474E12 /* ui-pic-grid-selector.h */,
				230822FA20900BA9003804EA /* ui-layout.h */,
				23044E1F2093264D001924AA /* ui-component-factory.h */,
				238F6CDC209954ED00791F67 /* ui-component-builder.h */,
				2353C92920940CB500C4B4EB /* ui-style-collection.h */,
				23A3FC3B20A5919A00474E12 /* ui-form.h */,
				23A3FC4120A93A5300474E12 /* lazy-instance.h */,
				23A3FC4220A93F6300474E12 /* on-exit-scope.h */,
				23A3FC4620A9445B00474E12 /* script-executor.h */,
				23A3FC4E20AACB4D00474E12 /* raw-pic-collection.h */,
				23F34A7E20AD2AC100C3D7A4 /* text-input-mode-controller.h */,
				23FE797C20B123D200048479 /* grid-pic-storage.h */,
				23A6E83320B258A500815541 /* indexed-tile.h */,
				23A6E83720B25C6900815541 /* indexed-tile-storage.h */,
				23A6E83D20B3A9C500815541 /* universal-profile.h */,
			);
			name = Include;
			path = ../src;
			sourceTree = "<group>";
		};
		23F89EB920ABD06B00EDC6A9 /* Megumi */ = {
			isa = PBXGroup;
			children = (
			);
			name = Megumi;
			path = ../src/megumi;
			sourceTree = "<group>";
		};
		23FD3C7E20888C7800975CBB /* Frameworks */ = {
			isa = PBXGroup;
			children = (
				23FD3C8520888D3900975CBB /* SDL2_mixer.framework */,
				23FD3C8320888D3600975CBB /* SDL2_ttf.framework */,
				23FD3C8120888C7B00975CBB /* SDL2_image.framework */,
				23FD3C7F20888C7800975CBB /* SDL2.framework */,
				23C9A4011D70241E00DAA480 /* libluajit.a */,
				237E915B2094618400176FA8 /* libgtest.a */,
				23C9A4001D70241E00DAA480 /* libglog.a */,
				2353C92C20942A8E00C4B4EB /* libgflags.a */,
			);
			name = Frameworks;
			sourceTree = "<group>";
		};
/* End PBXGroup section */

/* Begin PBXNativeTarget section */
		237E91402094611300176FA8 /* unit-tests */ = {
			isa = PBXNativeTarget;
			buildConfigurationList = 237E91452094611300176FA8 /* Build configuration list for PBXNativeTarget "unit-tests" */;
			buildPhases = (
				237E913D2094611300176FA8 /* Sources */,
				237E913E2094611300176FA8 /* Frameworks */,
				237E913F2094611300176FA8 /* CopyFiles */,
			);
			buildRules = (
			);
			dependencies = (
			);
			name = "unit-tests";
			productName = "unit-tests";
			productReference = 237E91412094611300176FA8 /* unit-tests */;
			productType = "com.apple.product-type.tool";
		};
		23C9A3EE1D7022EE00DAA480 /* utaha */ = {
			isa = PBXNativeTarget;
			buildConfigurationList = 23C9A3F61D7022EE00DAA480 /* Build configuration list for PBXNativeTarget "utaha" */;
			buildPhases = (
				23C9A3EB1D7022EE00DAA480 /* Sources */,
				23C9A3EC1D7022EE00DAA480 /* Frameworks */,
				23C9A3ED1D7022EE00DAA480 /* CopyFiles */,
			);
			buildRules = (
			);
			dependencies = (
			);
			name = utaha;
			productName = utaha;
			productReference = 23C9A3EF1D7022EE00DAA480 /* utaha */;
			productType = "com.apple.product-type.tool";
		};
/* End PBXNativeTarget section */

/* Begin PBXProject section */
		23C9A3E71D7022EE00DAA480 /* Project object */ = {
			isa = PBXProject;
			attributes = {
				LastUpgradeCheck = 0930;
				ORGANIZATIONNAME = yukino;
				TargetAttributes = {
					237E91402094611300176FA8 = {
						CreatedOnToolsVersion = 9.3;
						ProvisioningStyle = Automatic;
					};
					23C9A3EE1D7022EE00DAA480 = {
						CreatedOnToolsVersion = 7.3.1;
					};
				};
			};
			buildConfigurationList = 23C9A3EA1D7022EE00DAA480 /* Build configuration list for PBXProject "utaha" */;
			compatibilityVersion = "Xcode 3.2";
			developmentRegion = English;
			hasScannedForEncodings = 0;
			knownRegions = (
				en,
			);
			mainGroup = 23C9A3E61D7022EE00DAA480;
			productRefGroup = 23C9A3F01D7022EE00DAA480 /* Products */;
			projectDirPath = "";
			projectRoot = "";
			targets = (
				23C9A3EE1D7022EE00DAA480 /* utaha */,
				237E91402094611300176FA8 /* unit-tests */,
			);
		};
/* End PBXProject section */

/* Begin PBXSourcesBuildPhase section */
		237E913D2094611300176FA8 /* Sources */ = {
			isa = PBXSourcesBuildPhase;
			buildActionMask = 2147483647;
			files = (
				237E91482094616500176FA8 /* ui-style-collection-test.cc in Sources */,
				237E91492094616500176FA8 /* lua-utils.cc in Sources */,
				237E914B2094616500176FA8 /* render-entity.cc in Sources */,
				23A3FC3A20A2EF3800474E12 /* ui-flat-check-box.cc in Sources */,
				23A3FC4520A93FE300474E12 /* on-exit-scope.cc in Sources */,
				23A3FC5320AAD79000474E12 /* raw-pic-collection-test.cc in Sources */,
				23A3FC5120AACC1200474E12 /* raw-pic-collection.cc in Sources */,
				238F6CE1209958CF00791F67 /* ui-component-builder-test.cc in Sources */,
				237E916620947C5F00176FA8 /* ui-component-factory-test.cc in Sources */,
				23A6E83620B258B200815541 /* indexed-tile.cc in Sources */,
				23A3FC4920A9740700474E12 /* script-executor.cc in Sources */,
				23A6E83C20B2C92F00815541 /* indexed-tile-storage-test.cc in Sources */,
				237E914C2094616500176FA8 /* root-render-entity.cc in Sources */,
				238F6CDF2099555B00791F67 /* ui-component-builder.cc in Sources */,
				237E914D2094616500176FA8 /* sample-render-entity.cc in Sources */,
				237E914E2094616500176FA8 /* interactive-entity.cc in Sources */,
				237E914F2094616500176FA8 /* ui-component.cc in Sources */,
				23FE798120B1AF2100048479 /* grid-pic-storage-test.cc in Sources */,
				237E91502094616500176FA8 /* ui-flat-button.cc in Sources */,
				237E91632094628800176FA8 /* test-main.cc in Sources */,
				237E91512094616500176FA8 /* ui-flat-input-box.cc in Sources */,
				23FE797F20B123E500048479 /* grid-pic-storage.cc in Sources */,
				23F34A8120AD2C3F00C3D7A4 /* text-input-mode-controller.cc in Sources */,
				23FE797B20AFFB3A00048479 /* ui-flat-label.cc in Sources */,
				23A6E84020B3A9DB00815541 /* universal-profile.cc in Sources */,
				23A6E83A20B25C7E00815541 /* indexed-tile-storage.cc in Sources */,
				237E91522094616500176FA8 /* ui-flat-menu-group.cc in Sources */,
				237E91532094616500176FA8 /* ui-flat-menu.cc in Sources */,
				237E91542094616500176FA8 /* ui-layout.cc in Sources */,
				237E91552094616500176FA8 /* ui-component-factory.cc in Sources */,
				23A3FC4D20A989F800474E12 /* ui-flat-status-bar.cc in Sources */,
				237E91562094616500176FA8 /* ui-component-style-factory.cc in Sources */,
				23A3FC3E20A59C7000474E12 /* ui-form.cc in Sources */,
				237E91572094616500176FA8 /* ui-style-collection.cc in Sources */,
				23A3FC3620A045FB00474E12 /* ui-pic-grid-selector.cc in Sources */,
			);
			runOnlyForDeploymentPostprocessing = 0;
		};
		23C9A3EB1D7022EE00DAA480 /* Sources */ = {
			isa = PBXSourcesBuildPhase;
			buildActionMask = 2147483647;
			files = (
				237E9164209462D700176FA8 /* editor-main.cc in Sources */,
				23044E21209326D2001924AA /* ui-component-factory.cc in Sources */,
				23A3FC3520A045FB00474E12 /* ui-pic-grid-selector.cc in Sources */,
				23A3FC4820A9740700474E12 /* script-executor.cc in Sources */,
				23A3FC4420A93FE300474E12 /* on-exit-scope.cc in Sources */,
				23A3FC5020AACC1200474E12 /* raw-pic-collection.cc in Sources */,
				239F4810208EE17E00FD09AD /* ui-flat-button.cc in Sources */,
				2353C92820940B2200C4B4EB /* ui-component-style-factory.cc in Sources */,
				239F480D208ED5CF00FD09AD /* ui-component.cc in Sources */,
				23A6E83F20B3A9DB00815541 /* universal-profile.cc in Sources */,
				23FE797E20B123E500048479 /* grid-pic-storage.cc in Sources */,
				23A3FC4020A9351400474E12 /* editor-form.cc in Sources */,
				23C6785C208DB72E00A8EA4F /* render-entity.cc in Sources */,
				2353C92B20940CF400C4B4EB /* ui-style-collection.cc in Sources */,
				23A6E83920B25C7E00815541 /* indexed-tile-storage.cc in Sources */,
				230822FC20900BE2003804EA /* ui-layout.cc in Sources */,
				239F4813208F233B00FD09AD /* ui-flat-input-box.cc in Sources */,
				2308230020908D7C003804EA /* ui-flat-menu.cc in Sources */,
				239F4809208ED2EB00FD09AD /* interactive-entity.cc in Sources */,
				23A6E83520B258B200815541 /* indexed-tile.cc in Sources */,
				23044E1E2092CDBD001924AA /* ui-flat-menu-group.cc in Sources */,
				23C67860208DBB3600A8EA4F /* root-render-entity.cc in Sources */,
				23A3FC4C20A989F800474E12 /* ui-flat-status-bar.cc in Sources */,
				238F6CDE2099555B00791F67 /* ui-component-builder.cc in Sources */,
				23A3FC3D20A59C7000474E12 /* ui-form.cc in Sources */,
				23A3FC3920A2EF3800474E12 /* ui-flat-check-box.cc in Sources */,
				23C9E67C1D9CFB9B0078DFFF /* lua-utils.cc in Sources */,
				23FE797A20AFFB3A00048479 /* ui-flat-label.cc in Sources */,
				23F34A8020AD2C3F00C3D7A4 /* text-input-mode-controller.cc in Sources */,
				23C67863208DC4FD00A8EA4F /* sample-render-entity.cc in Sources */,
			);
			runOnlyForDeploymentPostprocessing = 0;
		};
/* End PBXSourcesBuildPhase section */

/* Begin XCBuildConfiguration section */
		237E91462094611300176FA8 /* Debug */ = {
			isa = XCBuildConfiguration;
			buildSettings = {
				CLANG_ANALYZER_NUMBER_OBJECT_CONVERSION = YES_AGGRESSIVE;
				CLANG_CXX_LANGUAGE_STANDARD = "gnu++14";
				CLANG_ENABLE_OBJC_WEAK = YES;
				CLANG_WARN_DOCUMENTATION_COMMENTS = YES;
				CLANG_WARN_UNGUARDED_AVAILABILITY = YES_AGGRESSIVE;
				CODE_SIGN_STYLE = Automatic;
				FRAMEWORK_SEARCH_PATHS = (
					"$(inherited)",
					"$(LOCAL_LIBRARY_DIR)/Frameworks",
				);
				GCC_C_LANGUAGE_STANDARD = gnu11;
				OTHER_LDFLAGS = (
					"-pagezero_size",
					10000,
					"-image_base",
					100000000,
				);
				PRODUCT_NAME = "$(TARGET_NAME)";
			};
			name = Debug;
		};
		237E91472094611300176FA8 /* Release */ = {
			isa = XCBuildConfiguration;
			buildSettings = {
				CLANG_ANALYZER_NUMBER_OBJECT_CONVERSION = YES_AGGRESSIVE;
				CLANG_CXX_LANGUAGE_STANDARD = "gnu++14";
				CLANG_ENABLE_OBJC_WEAK = YES;
				CLANG_WARN_DOCUMENTATION_COMMENTS = YES;
				CLANG_WARN_UNGUARDED_AVAILABILITY = YES_AGGRESSIVE;
				CODE_SIGN_STYLE = Automatic;
				FRAMEWORK_SEARCH_PATHS = (
					"$(inherited)",
					"$(LOCAL_LIBRARY_DIR)/Frameworks",
				);
				GCC_C_LANGUAGE_STANDARD = gnu11;
				OTHER_LDFLAGS = (
					"-pagezero_size",
					10000,
					"-image_base",
					100000000,
				);
				PRODUCT_NAME = "$(TARGET_NAME)";
			};
			name = Release;
		};
		23C9A3F41D7022EE00DAA480 /* Debug */ = {
			isa = XCBuildConfiguration;
			buildSettings = {
				ALWAYS_SEARCH_USER_PATHS = NO;
				CLANG_ANALYZER_NONNULL = YES;
				CLANG_CXX_LANGUAGE_STANDARD = "gnu++0x";
				CLANG_CXX_LIBRARY = "libc++";
				CLANG_ENABLE_MODULES = YES;
				CLANG_ENABLE_OBJC_ARC = YES;
				CLANG_WARN_BLOCK_CAPTURE_AUTORELEASING = YES;
				CLANG_WARN_BOOL_CONVERSION = YES;
				CLANG_WARN_COMMA = YES;
				CLANG_WARN_CONSTANT_CONVERSION = YES;
				CLANG_WARN_DEPRECATED_OBJC_IMPLEMENTATIONS = YES;
				CLANG_WARN_DIRECT_OBJC_ISA_USAGE = YES_ERROR;
				CLANG_WARN_EMPTY_BODY = YES;
				CLANG_WARN_ENUM_CONVERSION = YES;
				CLANG_WARN_INFINITE_RECURSION = YES;
				CLANG_WARN_INT_CONVERSION = YES;
				CLANG_WARN_NON_LITERAL_NULL_CONVERSION = YES;
				CLANG_WARN_OBJC_IMPLICIT_RETAIN_SELF = YES;
				CLANG_WARN_OBJC_LITERAL_CONVERSION = YES;
				CLANG_WARN_OBJC_ROOT_CLASS = YES_ERROR;
				CLANG_WARN_RANGE_LOOP_ANALYSIS = YES;
				CLANG_WARN_STRICT_PROTOTYPES = YES;
				CLANG_WARN_SUSPICIOUS_MOVE = YES;
				CLANG_WARN_UNREACHABLE_CODE = YES;
				CLANG_WARN__DUPLICATE_METHOD_MATCH = YES;
				CODE_SIGN_IDENTITY = "-";
				COPY_PHASE_STRIP = NO;
				DEBUG_INFORMATION_FORMAT = dwarf;
				ENABLE_STRICT_OBJC_MSGSEND = YES;
				ENABLE_TESTABILITY = YES;
				GCC_C_LANGUAGE_STANDARD = gnu99;
				GCC_DYNAMIC_NO_PIC = NO;
				GCC_NO_COMMON_BLOCKS = YES;
				GCC_OPTIMIZATION_LEVEL = 0;
				GCC_PREPROCESSOR_DEFINITIONS = (
					"DEBUG=1",
					"$(inherited)",
				);
				GCC_WARN_64_TO_32_BIT_CONVERSION = YES;
				GCC_WARN_ABOUT_RETURN_TYPE = YES_ERROR;
				GCC_WARN_UNDECLARED_SELECTOR = YES;
				GCC_WARN_UNINITIALIZED_AUTOS = YES_AGGRESSIVE;
				GCC_WARN_UNUSED_FUNCTION = YES;
				GCC_WARN_UNUSED_VARIABLE = YES;
				HEADER_SEARCH_PATHS = "../third-party/include";
				LIBRARY_SEARCH_PATHS = "../third-party/libs";
				MACOSX_DEPLOYMENT_TARGET = 10.13;
				MTL_ENABLE_DEBUG_INFO = YES;
				ONLY_ACTIVE_ARCH = YES;
				SDKROOT = macosx;
			};
			name = Debug;
		};
		23C9A3F51D7022EE00DAA480 /* Release */ = {
			isa = XCBuildConfiguration;
			buildSettings = {
				ALWAYS_SEARCH_USER_PATHS = NO;
				CLANG_ANALYZER_NONNULL = YES;
				CLANG_CXX_LANGUAGE_STANDARD = "gnu++0x";
				CLANG_CXX_LIBRARY = "libc++";
				CLANG_ENABLE_MODULES = YES;
				CLANG_ENABLE_OBJC_ARC = YES;
				CLANG_WARN_BLOCK_CAPTURE_AUTORELEASING = YES;
				CLANG_WARN_BOOL_CONVERSION = YES;
				CLANG_WARN_COMMA = YES;
				CLANG_WARN_CONSTANT_CONVERSION = YES;
				CLANG_WARN_DEPRECATED_OBJC_IMPLEMENTATIONS = YES;
				CLANG_WARN_DIRECT_OBJC_ISA_USAGE = YES_ERROR;
				CLANG_WARN_EMPTY_BODY = YES;
				CLANG_WARN_ENUM_CONVERSION = YES;
				CLANG_WARN_INFINITE_RECURSION = YES;
				CLANG_WARN_INT_CONVERSION = YES;
				CLANG_WARN_NON_LITERAL_NULL_CONVERSION = YES;
				CLANG_WARN_OBJC_IMPLICIT_RETAIN_SELF = YES;
				CLANG_WARN_OBJC_LITERAL_CONVERSION = YES;
				CLANG_WARN_OBJC_ROOT_CLASS = YES_ERROR;
				CLANG_WARN_RANGE_LOOP_ANALYSIS = YES;
				CLANG_WARN_STRICT_PROTOTYPES = YES;
				CLANG_WARN_SUSPICIOUS_MOVE = YES;
				CLANG_WARN_UNREACHABLE_CODE = YES;
				CLANG_WARN__DUPLICATE_METHOD_MATCH = YES;
				CODE_SIGN_IDENTITY = "-";
				COPY_PHASE_STRIP = NO;
				DEBUG_INFORMATION_FORMAT = "dwarf-with-dsym";
				ENABLE_NS_ASSERTIONS = NO;
				ENABLE_STRICT_OBJC_MSGSEND = YES;
				GCC_C_LANGUAGE_STANDARD = gnu99;
				GCC_NO_COMMON_BLOCKS = YES;
				GCC_WARN_64_TO_32_BIT_CONVERSION = YES;
				GCC_WARN_ABOUT_RETURN_TYPE = YES_ERROR;
				GCC_WARN_UNDECLARED_SELECTOR = YES;
				GCC_WARN_UNINITIALIZED_AUTOS = YES_AGGRESSIVE;
				GCC_WARN_UNUSED_FUNCTION = YES;
				GCC_WARN_UNUSED_VARIABLE = YES;
				HEADER_SEARCH_PATHS = "../third-party/include";
				LIBRARY_SEARCH_PATHS = "../third-party/libs";
				MACOSX_DEPLOYMENT_TARGET = 10.13;
				MTL_ENABLE_DEBUG_INFO = NO;
				SDKROOT = macosx;
			};
			name = Release;
		};
		23C9A3F71D7022EE00DAA480 /* Debug */ = {
			isa = XCBuildConfiguration;
			buildSettings = {
				FRAMEWORK_SEARCH_PATHS = (
					"$(inherited)",
					"$(LOCAL_LIBRARY_DIR)/Frameworks",
				);
				MACOSX_DEPLOYMENT_TARGET = 10.13;
				OTHER_LDFLAGS = (
					"-pagezero_size",
					10000,
					"-image_base",
					100000000,
				);
				PRODUCT_NAME = "$(TARGET_NAME)";
			};
			name = Debug;
		};
		23C9A3F81D7022EE00DAA480 /* Release */ = {
			isa = XCBuildConfiguration;
			buildSettings = {
				FRAMEWORK_SEARCH_PATHS = (
					"$(inherited)",
					"$(LOCAL_LIBRARY_DIR)/Frameworks",
				);
				MACOSX_DEPLOYMENT_TARGET = 10.13;
				OTHER_LDFLAGS = (
					"-pagezero_size",
					10000,
					"-image_base",
					100000000,
				);
				PRODUCT_NAME = "$(TARGET_NAME)";
			};
			name = Release;
		};
/* End XCBuildConfiguration section */

/* Begin XCConfigurationList section */
		237E91452094611300176FA8 /* Build configuration list for PBXNativeTarget "unit-tests" */ = {
			isa = XCConfigurationList;
			buildConfigurations = (
				237E91462094611300176FA8 /* Debug */,
				237E91472094611300176FA8 /* Release */,
			);
			defaultConfigurationIsVisible = 0;
			defaultConfigurationName = Release;
		};
		23C9A3EA1D7022EE00DAA480 /* Build configuration list for PBXProject "utaha" */ = {
			isa = XCConfigurationList;
			buildConfigurations = (
				23C9A3F41D7022EE00DAA480 /* Debug */,
				23C9A3F51D7022EE00DAA480 /* Release */,
			);
			defaultConfigurationIsVisible = 0;
			defaultConfigurationName = Release;
		};
		23C9A3F61D7022EE00DAA480 /* Build configuration list for PBXNativeTarget "utaha" */ = {
			isa = XCConfigurationList;
			buildConfigurations = (
				23C9A3F71D7022EE00DAA480 /* Debug */,
				23C9A3F81D7022EE00DAA480 /* Release */,
			);
			defaultConfigurationIsVisible = 0;
			defaultConfigurationName = Release;
		};
/* End XCConfigurationList section */
	};
	rootObject = 23C9A3E71D7022EE00DAA480 /* Project object */;
}
